PODS:
  - iOSSnapshotTestCase (6.0.3):
    - iOSSnapshotTestCase/SwiftSupport (= 6.0.3)
  - iOSSnapshotTestCase/Core (6.0.3)
  - iOSSnapshotTestCase/SwiftSupport (6.0.3):
    - iOSSnapshotTestCase/Core
  - IQKeyboardManagerSwift (6.0.5)
  - Swifter (1.4.7)
  - SwiftLint (0.35.0)

DEPENDENCIES:
  - iOSSnapshotTestCase (~> 6.0.3)
  - IQKeyboardManagerSwift (~> 6.0.4)
  - Swifter (~> 1.4.5)
  - SwiftLint

SPEC REPOS:
  https://github.com/cocoapods/specs.git:
    - iOSSnapshotTestCase
    - IQKeyboardManagerSwift
    - Swifter
    - SwiftLint

SPEC CHECKSUMS:
  iOSSnapshotTestCase: 944a73f6d9676302811a86c0cf35f0e6ef5ab2a0
  IQKeyboardManagerSwift: c14eca30f6001457d6ddf25e313f23fb6578c41c
  Swifter: 2327ef5d872c638aebab79646ce494af508b0c8f
  SwiftLint: 5553187048b900c91aa03552807681bb6b027846

PODFILE CHECKSUM: ebedc8603acf055b1c0b981f476c3cb968c4d2ba

COCOAPODS: 1.7.5
