// !$*UTF8*$!
{
	archiveVersion = 1;
	classes = {
	};
	objectVersion = 51;
	objects = {

/* Begin PBXBuildFile section */
		0152B93B0567A859EC1847A3 /* Pods_EasyIteris.framework in Frameworks */ = {isa = PBXBuildFile; fileRef = 765C5685A8150B024204C054 /* Pods_EasyIteris.framework */; };
		204F389F233509A600A6223B /* AppDelegate.swift in Sources */ = {isa = PBXBuildFile; fileRef = 204F389E233509A600A6223B /* AppDelegate.swift */; };
		204F38A6233509A900A6223B /* Assets.xcassets in Resources */ = {isa = PBXBuildFile; fileRef = 204F38A5233509A900A6223B /* Assets.xcassets */; };
		204F38A9233509A900A6223B /* LaunchScreen.storyboard in Resources */ = {isa = PBXBuildFile; fileRef = 204F38A7233509A900A6223B /* LaunchScreen.storyboard */; };
		204F38D3233531FF00A6223B /* SimulationFormViewController.swift in Sources */ = {isa = PBXBuildFile; fileRef = 204F38D1233531FF00A6223B /* SimulationFormViewController.swift */; };
		204F38D4233531FF00A6223B /* SimulationFormViewController.xib in Resources */ = {isa = PBXBuildFile; fileRef = 204F38D2233531FF00A6223B /* SimulationFormViewController.xib */; };
		204F38D72335391B00A6223B /* Localizable.strings in Resources */ = {isa = PBXBuildFile; fileRef = 204F38D62335391B00A6223B /* Localizable.strings */; };
		204F38D923353A0E00A6223B /* LocalizableStrings.swift in Sources */ = {isa = PBXBuildFile; fileRef = 204F38D823353A0E00A6223B /* LocalizableStrings.swift */; };
		204F38DB23353AA500A6223B /* String.swift in Sources */ = {isa = PBXBuildFile; fileRef = 204F38DA23353AA500A6223B /* String.swift */; };
		204F38DE2335401900A6223B /* CurrencyField.swift in Sources */ = {isa = PBXBuildFile; fileRef = 204F38DD2335401900A6223B /* CurrencyField.swift */; };
		204F38E02335407900A6223B /* Double.swift in Sources */ = {isa = PBXBuildFile; fileRef = 204F38DF2335407900A6223B /* Double.swift */; };
		204F38E42335592900A6223B /* SimulationResultViewController.swift in Sources */ = {isa = PBXBuildFile; fileRef = 204F38E22335592900A6223B /* SimulationResultViewController.swift */; };
		204F38E52335592900A6223B /* SimulationResultViewController.xib in Resources */ = {isa = PBXBuildFile; fileRef = 204F38E32335592900A6223B /* SimulationResultViewController.xib */; };
		204F38E72338E74A00A6223B /* SimulationFormView.swift in Sources */ = {isa = PBXBuildFile; fileRef = 204F38E62338E74A00A6223B /* SimulationFormView.swift */; };
		204F38E92338EC8900A6223B /* NSObject.swift in Sources */ = {isa = PBXBuildFile; fileRef = 204F38E82338EC8900A6223B /* NSObject.swift */; };
		204F38EB2338F04F00A6223B /* UIColor.swift in Sources */ = {isa = PBXBuildFile; fileRef = 204F38EA2338F04F00A6223B /* UIColor.swift */; };
		204F38ED2338F3A700A6223B /* SimulationResultView.swift in Sources */ = {isa = PBXBuildFile; fileRef = 204F38EC2338F3A700A6223B /* SimulationResultView.swift */; };
		204F38EF2338FF3200A6223B /* UIFont.swift in Sources */ = {isa = PBXBuildFile; fileRef = 204F38EE2338FF3200A6223B /* UIFont.swift */; };
		204F38F32339198500A6223B /* ViewCustomizable.swift in Sources */ = {isa = PBXBuildFile; fileRef = 204F38F22339198500A6223B /* ViewCustomizable.swift */; };
		204F38F52339267500A6223B /* UIButton.swift in Sources */ = {isa = PBXBuildFile; fileRef = 204F38F42339267500A6223B /* UIButton.swift */; };
		204F390D2339371D00A6223B /* SimulationResponse.swift in Sources */ = {isa = PBXBuildFile; fileRef = 204F390C2339371D00A6223B /* SimulationResponse.swift */; };
		204F39112339374700A6223B /* SimulationInvestmentParameter.swift in Sources */ = {isa = PBXBuildFile; fileRef = 204F39102339374700A6223B /* SimulationInvestmentParameter.swift */; };
		204F391323393AF700A6223B /* Constants.swift in Sources */ = {isa = PBXBuildFile; fileRef = 204F391223393AF700A6223B /* Constants.swift */; };
		204F391523393BE100A6223B /* SimulationFormViewModel.swift in Sources */ = {isa = PBXBuildFile; fileRef = 204F391423393BE100A6223B /* SimulationFormViewModel.swift */; };
		204F391723394C6500A6223B /* SimulationResultViewModel.swift in Sources */ = {isa = PBXBuildFile; fileRef = 204F391623394C6500A6223B /* SimulationResultViewModel.swift */; };
		204F391923394D0500A6223B /* ApiClient.swift in Sources */ = {isa = PBXBuildFile; fileRef = 204F391823394D0500A6223B /* ApiClient.swift */; };
		204F391B23394D4800A6223B /* Resource.swift in Sources */ = {isa = PBXBuildFile; fileRef = 204F391A23394D4800A6223B /* Resource.swift */; };
		204F391D23394D7D00A6223B /* GenericResult.swift in Sources */ = {isa = PBXBuildFile; fileRef = 204F391C23394D7D00A6223B /* GenericResult.swift */; };
		204F391F23394DB900A6223B /* URLRequest+Resource.swift in Sources */ = {isa = PBXBuildFile; fileRef = 204F391E23394DB900A6223B /* URLRequest+Resource.swift */; };
		204F39212339573A00A6223B /* SimulationResultBusiness.swift in Sources */ = {isa = PBXBuildFile; fileRef = 204F39202339573A00A6223B /* SimulationResultBusiness.swift */; };
		204F3923233A451800A6223B /* SimulationQueryRequest.swift in Sources */ = {isa = PBXBuildFile; fileRef = 204F3922233A451800A6223B /* SimulationQueryRequest.swift */; };
		204F3925233A478D00A6223B /* Encodable.swift in Sources */ = {isa = PBXBuildFile; fileRef = 204F3924233A478D00A6223B /* Encodable.swift */; };
		204F3927233A7B5F00A6223B /* SimulationResultShimmerView.xib in Resources */ = {isa = PBXBuildFile; fileRef = 204F3926233A7B5F00A6223B /* SimulationResultShimmerView.xib */; };
		204F3929233A7C5200A6223B /* ShimmerItemView.swift in Sources */ = {isa = PBXBuildFile; fileRef = 204F3928233A7C5200A6223B /* ShimmerItemView.swift */; };
		204F392B233A806000A6223B /* SimulationResultShimmerView.swift in Sources */ = {isa = PBXBuildFile; fileRef = 204F392A233A806000A6223B /* SimulationResultShimmerView.swift */; };
		204F392D233A80E100A6223B /* Shimmer.swift in Sources */ = {isa = PBXBuildFile; fileRef = 204F392C233A80E100A6223B /* Shimmer.swift */; };
		204F392F233A81DD00A6223B /* Bindable.swift in Sources */ = {isa = PBXBuildFile; fileRef = 204F392E233A81DD00A6223B /* Bindable.swift */; };
		204F3931233A8F6E00A6223B /* UIView.swift in Sources */ = {isa = PBXBuildFile; fileRef = 204F3930233A8F6D00A6223B /* UIView.swift */; };
		204F393B233BA0AA00A6223B /* DateFormatter.swift in Sources */ = {isa = PBXBuildFile; fileRef = 204F393A233BA0AA00A6223B /* DateFormatter.swift */; };
		204F393D233BA48A00A6223B /* Date.swift in Sources */ = {isa = PBXBuildFile; fileRef = 204F393C233BA48A00A6223B /* Date.swift */; };
		204F3940233BC48600A6223B /* StringTests.swift in Sources */ = {isa = PBXBuildFile; fileRef = 204F393F233BC48600A6223B /* StringTests.swift */; };
		204F3942233BC49A00A6223B /* DoubleTests.swift in Sources */ = {isa = PBXBuildFile; fileRef = 204F3941233BC49A00A6223B /* DoubleTests.swift */; };
		204F3944233BC82600A6223B /* PercentField.swift in Sources */ = {isa = PBXBuildFile; fileRef = 204F3943233BC82600A6223B /* PercentField.swift */; };
		204F3954233BD4F200A6223B /* Date.swift in Sources */ = {isa = PBXBuildFile; fileRef = 204F3948233BD4F200A6223B /* Date.swift */; };
		204F3955233BD4F200A6223B /* ElementExtension.swift in Sources */ = {isa = PBXBuildFile; fileRef = 204F3949233BD4F200A6223B /* ElementExtension.swift */; };
		204F3956233BD4F200A6223B /* UIImage.swift in Sources */ = {isa = PBXBuildFile; fileRef = 204F394A233BD4F200A6223B /* UIImage.swift */; };
		204F3957233BD4F200A6223B /* DateFormatter.swift in Sources */ = {isa = PBXBuildFile; fileRef = 204F394B233BD4F200A6223B /* DateFormatter.swift */; };
		204F3958233BD4F200A6223B /* DeviceNameEnum.swift in Sources */ = {isa = PBXBuildFile; fileRef = 204F394D233BD4F200A6223B /* DeviceNameEnum.swift */; };
		204F3959233BD4F200A6223B /* HTTPURLPath.swift in Sources */ = {isa = PBXBuildFile; fileRef = 204F394F233BD4F200A6223B /* HTTPURLPath.swift */; };
		204F395A233BD4F200A6223B /* HTTPDynamicStubs.swift in Sources */ = {isa = PBXBuildFile; fileRef = 204F3950233BD4F200A6223B /* HTTPDynamicStubs.swift */; };
		204F395B233BD4F200A6223B /* HTTPStubModel.swift in Sources */ = {isa = PBXBuildFile; fileRef = 204F3951233BD4F200A6223B /* HTTPStubModel.swift */; };
		204F395C233BD4F200A6223B /* BaseFeature.swift in Sources */ = {isa = PBXBuildFile; fileRef = 204F3952233BD4F200A6223B /* BaseFeature.swift */; };
		204F395D233BD4F200A6223B /* BaseScreen.swift in Sources */ = {isa = PBXBuildFile; fileRef = 204F3953233BD4F200A6223B /* BaseScreen.swift */; };
		204F3974233BDF5300A6223B /* FunctionMock.swift in Sources */ = {isa = PBXBuildFile; fileRef = 204F3960233BDF5300A6223B /* FunctionMock.swift */; };
		204F3978233BDF5300A6223B /* XCTestExtensionView.swift in Sources */ = {isa = PBXBuildFile; fileRef = 204F3965233BDF5300A6223B /* XCTestExtensionView.swift */; };
		204F3979233BDF5300A6223B /* XCTestCaseExtension.swift in Sources */ = {isa = PBXBuildFile; fileRef = 204F3966233BDF5300A6223B /* XCTestCaseExtension.swift */; };
		204F397A233BDF5300A6223B /* LocalJsonReader.swift in Sources */ = {isa = PBXBuildFile; fileRef = 204F3967233BDF5300A6223B /* LocalJsonReader.swift */; };
		204F397B233BDF5300A6223B /* MockType.swift in Sources */ = {isa = PBXBuildFile; fileRef = 204F3969233BDF5300A6223B /* MockType.swift */; };
		204F397C233BDF5300A6223B /* BaseXCTest.swift in Sources */ = {isa = PBXBuildFile; fileRef = 204F396A233BDF5300A6223B /* BaseXCTest.swift */; };
		204F397D233BDF5300A6223B /* BaseTableViewXCTest.swift in Sources */ = {isa = PBXBuildFile; fileRef = 204F396B233BDF5300A6223B /* BaseTableViewXCTest.swift */; };
		204F397E233BDF5300A6223B /* Mockable.swift in Sources */ = {isa = PBXBuildFile; fileRef = 204F396D233BDF5300A6223B /* Mockable.swift */; };
		204F397F233BDF5300A6223B /* ApiRequestMock.swift in Sources */ = {isa = PBXBuildFile; fileRef = 204F396E233BDF5300A6223B /* ApiRequestMock.swift */; };
		204F3980233BDF5300A6223B /* FatalErrorUtil.swift in Sources */ = {isa = PBXBuildFile; fileRef = 204F396F233BDF5300A6223B /* FatalErrorUtil.swift */; };
		204F3981233BDF5300A6223B /* BaseCollectionViewXCTest.swift in Sources */ = {isa = PBXBuildFile; fileRef = 204F3970233BDF5300A6223B /* BaseCollectionViewXCTest.swift */; };
		204F3983233BDF5300A6223B /* TestUtils.swift in Sources */ = {isa = PBXBuildFile; fileRef = 204F3972233BDF5300A6223B /* TestUtils.swift */; };
		204F3987233BE21900A6223B /* LocalJsonReader.swift in Sources */ = {isa = PBXBuildFile; fileRef = 204F3967233BDF5300A6223B /* LocalJsonReader.swift */; };
		20556919233CC0CE009B1257 /* SimulationResultBusinessTests.swift in Sources */ = {isa = PBXBuildFile; fileRef = 20556918233CC0CE009B1257 /* SimulationResultBusinessTests.swift */; };
		20556921233CC7F7009B1257 /* SimulationFormScreen.swift in Sources */ = {isa = PBXBuildFile; fileRef = 20556920233CC7F7009B1257 /* SimulationFormScreen.swift */; };
		20556923233CC807009B1257 /* SimulationResultScreen.swift in Sources */ = {isa = PBXBuildFile; fileRef = 20556922233CC807009B1257 /* SimulationResultScreen.swift */; };
		20556925233CC8F0009B1257 /* simulate.json in Resources */ = {isa = PBXBuildFile; fileRef = 20556924233CC8F0009B1257 /* simulate.json */; };
		20556927233CC90C009B1257 /* SimulationFeature.swift in Sources */ = {isa = PBXBuildFile; fileRef = 20556926233CC90C009B1257 /* SimulationFeature.swift */; };
		209F3623233BEE4900796E05 /* MockViewController.swift in Sources */ = {isa = PBXBuildFile; fileRef = 209F3620233BEE4900796E05 /* MockViewController.swift */; };
		209F3624233BEE4900796E05 /* MockViewController.swift in Sources */ = {isa = PBXBuildFile; fileRef = 209F3620233BEE4900796E05 /* MockViewController.swift */; };
		209F3625233BEE4900796E05 /* MockCollectionViewController.swift in Sources */ = {isa = PBXBuildFile; fileRef = 209F3621233BEE4900796E05 /* MockCollectionViewController.swift */; };
		209F3626233BEE4900796E05 /* MockCollectionViewController.swift in Sources */ = {isa = PBXBuildFile; fileRef = 209F3621233BEE4900796E05 /* MockCollectionViewController.swift */; };
		209F3627233BEE4900796E05 /* MockTableViewController.swift in Sources */ = {isa = PBXBuildFile; fileRef = 209F3622233BEE4900796E05 /* MockTableViewController.swift */; };
		209F3628233BEE4900796E05 /* MockTableViewController.swift in Sources */ = {isa = PBXBuildFile; fileRef = 209F3622233BEE4900796E05 /* MockTableViewController.swift */; };
		209F3629233BF0B900796E05 /* UIImage.swift in Sources */ = {isa = PBXBuildFile; fileRef = 204F394A233BD4F200A6223B /* UIImage.swift */; };
		209F362B233BF6C200796E05 /* NSObjectTests.swift in Sources */ = {isa = PBXBuildFile; fileRef = 209F362A233BF6C200796E05 /* NSObjectTests.swift */; };
		209F362D233BF8DB00796E05 /* UIButtonTests.swift in Sources */ = {isa = PBXBuildFile; fileRef = 209F362C233BF8DB00796E05 /* UIButtonTests.swift */; };
		209F3631233BFE1B00796E05 /* SimulationFormViewControllerTests.swift in Sources */ = {isa = PBXBuildFile; fileRef = 209F3630233BFE1B00796E05 /* SimulationFormViewControllerTests.swift */; };
		209F3634233C014400796E05 /* SimulationResultViewControllerTests.swift in Sources */ = {isa = PBXBuildFile; fileRef = 209F3633233C014400796E05 /* SimulationResultViewControllerTests.swift */; };
		209F3637233C027700796E05 /* SimulationResultViewModelMock.swift in Sources */ = {isa = PBXBuildFile; fileRef = 209F3636233C027700796E05 /* SimulationResultViewModelMock.swift */; };
		209F363A233C08A000796E05 /* SimulationResultBusinessMock.swift in Sources */ = {isa = PBXBuildFile; fileRef = 209F3639233C08A000796E05 /* SimulationResultBusinessMock.swift */; };
		209F363E233C0DEF00796E05 /* SimulationResultViewModelTests.swift in Sources */ = {isa = PBXBuildFile; fileRef = 209F363D233C0DEF00796E05 /* SimulationResultViewModelTests.swift */; };
		20EBA8E3233CEFAE00E44FE4 /* EncodableTests.swift in Sources */ = {isa = PBXBuildFile; fileRef = 20EBA8E2233CEFAE00E44FE4 /* EncodableTests.swift */; };
		68C91E4AD2C5C42191B64F96 /* Pods_EasyIterisTests.framework in Frameworks */ = {isa = PBXBuildFile; fileRef = 27F12ED09255708FC894FB13 /* Pods_EasyIterisTests.framework */; };
		C07072BB90C3844A5E63ACEE /* Pods_EasyIteris_EasyIterisUITests.framework in Frameworks */ = {isa = PBXBuildFile; fileRef = E0F95BCE0722AF768C187494 /* Pods_EasyIteris_EasyIterisUITests.framework */; };
/* End PBXBuildFile section */

/* Begin PBXContainerItemProxy section */
		204F38B0233509A900A6223B /* PBXContainerItemProxy */ = {
			isa = PBXContainerItemProxy;
			containerPortal = 204F3893233509A600A6223B /* Project object */;
			proxyType = 1;
			remoteGlobalIDString = 204F389A233509A600A6223B;
			remoteInfo = EasyIteris;
		};
		204F38BB233509A900A6223B /* PBXContainerItemProxy */ = {
			isa = PBXContainerItemProxy;
			containerPortal = 204F3893233509A600A6223B /* Project object */;
			proxyType = 1;
			remoteGlobalIDString = 204F389A233509A600A6223B;
			remoteInfo = EasyIteris;
		};
/* End PBXContainerItemProxy section */

/* Begin PBXFileReference section */
		0497CD014F9A36B762828520 /* Pods-EasyIterisTests.debug.xcconfig */ = {isa = PBXFileReference; includeInIndex = 1; lastKnownFileType = text.xcconfig; name = "Pods-EasyIterisTests.debug.xcconfig"; path = "Target Support Files/Pods-EasyIterisTests/Pods-EasyIterisTests.debug.xcconfig"; sourceTree = "<group>"; };
		1F5E37E2DB36AD82211CC1C0 /* Pods-EasyIteris.debug.xcconfig */ = {isa = PBXFileReference; includeInIndex = 1; lastKnownFileType = text.xcconfig; name = "Pods-EasyIteris.debug.xcconfig"; path = "Target Support Files/Pods-EasyIteris/Pods-EasyIteris.debug.xcconfig"; sourceTree = "<group>"; };
		204F389B233509A600A6223B /* EasyIteris.app */ = {isa = PBXFileReference; explicitFileType = wrapper.application; includeInIndex = 0; path = EasyIteris.app; sourceTree = BUILT_PRODUCTS_DIR; };
		204F389E233509A600A6223B /* AppDelegate.swift */ = {isa = PBXFileReference; lastKnownFileType = sourcecode.swift; path = AppDelegate.swift; sourceTree = "<group>"; };
		204F38A5233509A900A6223B /* Assets.xcassets */ = {isa = PBXFileReference; lastKnownFileType = folder.assetcatalog; path = Assets.xcassets; sourceTree = "<group>"; };
		204F38A8233509A900A6223B /* Base */ = {isa = PBXFileReference; lastKnownFileType = file.storyboard; name = Base; path = Base.lproj/LaunchScreen.storyboard; sourceTree = "<group>"; };
		204F38AA233509A900A6223B /* Info.plist */ = {isa = PBXFileReference; lastKnownFileType = text.plist.xml; path = Info.plist; sourceTree = "<group>"; };
		204F38AF233509A900A6223B /* EasyIterisTests.xctest */ = {isa = PBXFileReference; explicitFileType = wrapper.cfbundle; includeInIndex = 0; path = EasyIterisTests.xctest; sourceTree = BUILT_PRODUCTS_DIR; };
		204F38B5233509A900A6223B /* Info.plist */ = {isa = PBXFileReference; lastKnownFileType = text.plist.xml; path = Info.plist; sourceTree = "<group>"; };
		204F38BA233509A900A6223B /* EasyIterisUITests.xctest */ = {isa = PBXFileReference; explicitFileType = wrapper.cfbundle; includeInIndex = 0; path = EasyIterisUITests.xctest; sourceTree = BUILT_PRODUCTS_DIR; };
		204F38C0233509A900A6223B /* Info.plist */ = {isa = PBXFileReference; lastKnownFileType = text.plist.xml; path = Info.plist; sourceTree = "<group>"; };
		204F38D1233531FF00A6223B /* SimulationFormViewController.swift */ = {isa = PBXFileReference; lastKnownFileType = sourcecode.swift; path = SimulationFormViewController.swift; sourceTree = "<group>"; };
		204F38D2233531FF00A6223B /* SimulationFormViewController.xib */ = {isa = PBXFileReference; lastKnownFileType = file.xib; path = SimulationFormViewController.xib; sourceTree = "<group>"; };
		204F38D62335391B00A6223B /* Localizable.strings */ = {isa = PBXFileReference; lastKnownFileType = text.plist.strings; path = Localizable.strings; sourceTree = "<group>"; };
		204F38D823353A0E00A6223B /* LocalizableStrings.swift */ = {isa = PBXFileReference; lastKnownFileType = sourcecode.swift; path = LocalizableStrings.swift; sourceTree = "<group>"; };
		204F38DA23353AA500A6223B /* String.swift */ = {isa = PBXFileReference; lastKnownFileType = sourcecode.swift; path = String.swift; sourceTree = "<group>"; };
		204F38DD2335401900A6223B /* CurrencyField.swift */ = {isa = PBXFileReference; lastKnownFileType = sourcecode.swift; path = CurrencyField.swift; sourceTree = "<group>"; };
		204F38DF2335407900A6223B /* Double.swift */ = {isa = PBXFileReference; lastKnownFileType = sourcecode.swift; path = Double.swift; sourceTree = "<group>"; };
		204F38E22335592900A6223B /* SimulationResultViewController.swift */ = {isa = PBXFileReference; lastKnownFileType = sourcecode.swift; path = SimulationResultViewController.swift; sourceTree = "<group>"; };
		204F38E32335592900A6223B /* SimulationResultViewController.xib */ = {isa = PBXFileReference; lastKnownFileType = file.xib; path = SimulationResultViewController.xib; sourceTree = "<group>"; };
		204F38E62338E74A00A6223B /* SimulationFormView.swift */ = {isa = PBXFileReference; lastKnownFileType = sourcecode.swift; path = SimulationFormView.swift; sourceTree = "<group>"; };
		204F38E82338EC8900A6223B /* NSObject.swift */ = {isa = PBXFileReference; lastKnownFileType = sourcecode.swift; path = NSObject.swift; sourceTree = "<group>"; };
		204F38EA2338F04F00A6223B /* UIColor.swift */ = {isa = PBXFileReference; lastKnownFileType = sourcecode.swift; path = UIColor.swift; sourceTree = "<group>"; };
		204F38EC2338F3A700A6223B /* SimulationResultView.swift */ = {isa = PBXFileReference; lastKnownFileType = sourcecode.swift; path = SimulationResultView.swift; sourceTree = "<group>"; };
		204F38EE2338FF3200A6223B /* UIFont.swift */ = {isa = PBXFileReference; lastKnownFileType = sourcecode.swift; path = UIFont.swift; sourceTree = "<group>"; };
		204F38F22339198500A6223B /* ViewCustomizable.swift */ = {isa = PBXFileReference; lastKnownFileType = sourcecode.swift; path = ViewCustomizable.swift; sourceTree = "<group>"; };
		204F38F42339267500A6223B /* UIButton.swift */ = {isa = PBXFileReference; lastKnownFileType = sourcecode.swift; path = UIButton.swift; sourceTree = "<group>"; };
		204F390C2339371D00A6223B /* SimulationResponse.swift */ = {isa = PBXFileReference; lastKnownFileType = sourcecode.swift; path = SimulationResponse.swift; sourceTree = "<group>"; };
		204F39102339374700A6223B /* SimulationInvestmentParameter.swift */ = {isa = PBXFileReference; lastKnownFileType = sourcecode.swift; path = SimulationInvestmentParameter.swift; sourceTree = "<group>"; };
		204F391223393AF700A6223B /* Constants.swift */ = {isa = PBXFileReference; lastKnownFileType = sourcecode.swift; path = Constants.swift; sourceTree = "<group>"; };
		204F391423393BE100A6223B /* SimulationFormViewModel.swift */ = {isa = PBXFileReference; lastKnownFileType = sourcecode.swift; path = SimulationFormViewModel.swift; sourceTree = "<group>"; };
		204F391623394C6500A6223B /* SimulationResultViewModel.swift */ = {isa = PBXFileReference; lastKnownFileType = sourcecode.swift; path = SimulationResultViewModel.swift; sourceTree = "<group>"; };
		204F391823394D0500A6223B /* ApiClient.swift */ = {isa = PBXFileReference; lastKnownFileType = sourcecode.swift; path = ApiClient.swift; sourceTree = "<group>"; };
		204F391A23394D4800A6223B /* Resource.swift */ = {isa = PBXFileReference; lastKnownFileType = sourcecode.swift; path = Resource.swift; sourceTree = "<group>"; };
		204F391C23394D7D00A6223B /* GenericResult.swift */ = {isa = PBXFileReference; lastKnownFileType = sourcecode.swift; path = GenericResult.swift; sourceTree = "<group>"; };
		204F391E23394DB900A6223B /* URLRequest+Resource.swift */ = {isa = PBXFileReference; lastKnownFileType = sourcecode.swift; path = "URLRequest+Resource.swift"; sourceTree = "<group>"; };
		204F39202339573A00A6223B /* SimulationResultBusiness.swift */ = {isa = PBXFileReference; lastKnownFileType = sourcecode.swift; path = SimulationResultBusiness.swift; sourceTree = "<group>"; };
		204F3922233A451800A6223B /* SimulationQueryRequest.swift */ = {isa = PBXFileReference; lastKnownFileType = sourcecode.swift; path = SimulationQueryRequest.swift; sourceTree = "<group>"; };
		204F3924233A478D00A6223B /* Encodable.swift */ = {isa = PBXFileReference; lastKnownFileType = sourcecode.swift; path = Encodable.swift; sourceTree = "<group>"; };
		204F3926233A7B5F00A6223B /* SimulationResultShimmerView.xib */ = {isa = PBXFileReference; lastKnownFileType = file.xib; path = SimulationResultShimmerView.xib; sourceTree = "<group>"; };
		204F3928233A7C5200A6223B /* ShimmerItemView.swift */ = {isa = PBXFileReference; lastKnownFileType = sourcecode.swift; path = ShimmerItemView.swift; sourceTree = "<group>"; };
		204F392A233A806000A6223B /* SimulationResultShimmerView.swift */ = {isa = PBXFileReference; lastKnownFileType = sourcecode.swift; path = SimulationResultShimmerView.swift; sourceTree = "<group>"; };
		204F392C233A80E100A6223B /* Shimmer.swift */ = {isa = PBXFileReference; lastKnownFileType = sourcecode.swift; path = Shimmer.swift; sourceTree = "<group>"; };
		204F392E233A81DD00A6223B /* Bindable.swift */ = {isa = PBXFileReference; lastKnownFileType = sourcecode.swift; path = Bindable.swift; sourceTree = "<group>"; };
		204F3930233A8F6D00A6223B /* UIView.swift */ = {isa = PBXFileReference; lastKnownFileType = sourcecode.swift; path = UIView.swift; sourceTree = "<group>"; };
		204F393A233BA0AA00A6223B /* DateFormatter.swift */ = {isa = PBXFileReference; lastKnownFileType = sourcecode.swift; path = DateFormatter.swift; sourceTree = "<group>"; };
		204F393C233BA48A00A6223B /* Date.swift */ = {isa = PBXFileReference; lastKnownFileType = sourcecode.swift; path = Date.swift; sourceTree = "<group>"; };
		204F393F233BC48600A6223B /* StringTests.swift */ = {isa = PBXFileReference; lastKnownFileType = sourcecode.swift; path = StringTests.swift; sourceTree = "<group>"; };
		204F3941233BC49A00A6223B /* DoubleTests.swift */ = {isa = PBXFileReference; lastKnownFileType = sourcecode.swift; path = DoubleTests.swift; sourceTree = "<group>"; };
		204F3943233BC82600A6223B /* PercentField.swift */ = {isa = PBXFileReference; lastKnownFileType = sourcecode.swift; path = PercentField.swift; sourceTree = "<group>"; };
		204F3948233BD4F200A6223B /* Date.swift */ = {isa = PBXFileReference; fileEncoding = 4; lastKnownFileType = sourcecode.swift; path = Date.swift; sourceTree = "<group>"; };
		204F3949233BD4F200A6223B /* ElementExtension.swift */ = {isa = PBXFileReference; fileEncoding = 4; lastKnownFileType = sourcecode.swift; path = ElementExtension.swift; sourceTree = "<group>"; };
		204F394A233BD4F200A6223B /* UIImage.swift */ = {isa = PBXFileReference; fileEncoding = 4; lastKnownFileType = sourcecode.swift; path = UIImage.swift; sourceTree = "<group>"; };
		204F394B233BD4F200A6223B /* DateFormatter.swift */ = {isa = PBXFileReference; fileEncoding = 4; lastKnownFileType = sourcecode.swift; path = DateFormatter.swift; sourceTree = "<group>"; };
		204F394D233BD4F200A6223B /* DeviceNameEnum.swift */ = {isa = PBXFileReference; fileEncoding = 4; lastKnownFileType = sourcecode.swift; path = DeviceNameEnum.swift; sourceTree = "<group>"; };
		204F394F233BD4F200A6223B /* HTTPURLPath.swift */ = {isa = PBXFileReference; fileEncoding = 4; lastKnownFileType = sourcecode.swift; path = HTTPURLPath.swift; sourceTree = "<group>"; };
		204F3950233BD4F200A6223B /* HTTPDynamicStubs.swift */ = {isa = PBXFileReference; fileEncoding = 4; lastKnownFileType = sourcecode.swift; path = HTTPDynamicStubs.swift; sourceTree = "<group>"; };
		204F3951233BD4F200A6223B /* HTTPStubModel.swift */ = {isa = PBXFileReference; fileEncoding = 4; lastKnownFileType = sourcecode.swift; path = HTTPStubModel.swift; sourceTree = "<group>"; };
		204F3952233BD4F200A6223B /* BaseFeature.swift */ = {isa = PBXFileReference; fileEncoding = 4; lastKnownFileType = sourcecode.swift; path = BaseFeature.swift; sourceTree = "<group>"; };
		204F3953233BD4F200A6223B /* BaseScreen.swift */ = {isa = PBXFileReference; fileEncoding = 4; lastKnownFileType = sourcecode.swift; path = BaseScreen.swift; sourceTree = "<group>"; };
		204F3960233BDF5300A6223B /* FunctionMock.swift */ = {isa = PBXFileReference; fileEncoding = 4; lastKnownFileType = sourcecode.swift; path = FunctionMock.swift; sourceTree = "<group>"; };
		204F3965233BDF5300A6223B /* XCTestExtensionView.swift */ = {isa = PBXFileReference; fileEncoding = 4; lastKnownFileType = sourcecode.swift; path = XCTestExtensionView.swift; sourceTree = "<group>"; };
		204F3966233BDF5300A6223B /* XCTestCaseExtension.swift */ = {isa = PBXFileReference; fileEncoding = 4; lastKnownFileType = sourcecode.swift; path = XCTestCaseExtension.swift; sourceTree = "<group>"; };
		204F3967233BDF5300A6223B /* LocalJsonReader.swift */ = {isa = PBXFileReference; fileEncoding = 4; lastKnownFileType = sourcecode.swift; path = LocalJsonReader.swift; sourceTree = "<group>"; };
		204F3969233BDF5300A6223B /* MockType.swift */ = {isa = PBXFileReference; fileEncoding = 4; lastKnownFileType = sourcecode.swift; path = MockType.swift; sourceTree = "<group>"; };
		204F396A233BDF5300A6223B /* BaseXCTest.swift */ = {isa = PBXFileReference; fileEncoding = 4; lastKnownFileType = sourcecode.swift; path = BaseXCTest.swift; sourceTree = "<group>"; };
		204F396B233BDF5300A6223B /* BaseTableViewXCTest.swift */ = {isa = PBXFileReference; fileEncoding = 4; lastKnownFileType = sourcecode.swift; path = BaseTableViewXCTest.swift; sourceTree = "<group>"; };
		204F396D233BDF5300A6223B /* Mockable.swift */ = {isa = PBXFileReference; fileEncoding = 4; lastKnownFileType = sourcecode.swift; path = Mockable.swift; sourceTree = "<group>"; };
		204F396E233BDF5300A6223B /* ApiRequestMock.swift */ = {isa = PBXFileReference; fileEncoding = 4; lastKnownFileType = sourcecode.swift; path = ApiRequestMock.swift; sourceTree = "<group>"; };
		204F396F233BDF5300A6223B /* FatalErrorUtil.swift */ = {isa = PBXFileReference; fileEncoding = 4; lastKnownFileType = sourcecode.swift; path = FatalErrorUtil.swift; sourceTree = "<group>"; };
		204F3970233BDF5300A6223B /* BaseCollectionViewXCTest.swift */ = {isa = PBXFileReference; fileEncoding = 4; lastKnownFileType = sourcecode.swift; path = BaseCollectionViewXCTest.swift; sourceTree = "<group>"; };
		204F3972233BDF5300A6223B /* TestUtils.swift */ = {isa = PBXFileReference; fileEncoding = 4; lastKnownFileType = sourcecode.swift; path = TestUtils.swift; sourceTree = "<group>"; };
		20556918233CC0CE009B1257 /* SimulationResultBusinessTests.swift */ = {isa = PBXFileReference; lastKnownFileType = sourcecode.swift; path = SimulationResultBusinessTests.swift; sourceTree = "<group>"; };
		20556920233CC7F7009B1257 /* SimulationFormScreen.swift */ = {isa = PBXFileReference; lastKnownFileType = sourcecode.swift; path = SimulationFormScreen.swift; sourceTree = "<group>"; };
		20556922233CC807009B1257 /* SimulationResultScreen.swift */ = {isa = PBXFileReference; lastKnownFileType = sourcecode.swift; path = SimulationResultScreen.swift; sourceTree = "<group>"; };
		20556924233CC8F0009B1257 /* simulate.json */ = {isa = PBXFileReference; fileEncoding = 4; lastKnownFileType = text.json; path = simulate.json; sourceTree = "<group>"; };
		20556926233CC90C009B1257 /* SimulationFeature.swift */ = {isa = PBXFileReference; lastKnownFileType = sourcecode.swift; path = SimulationFeature.swift; sourceTree = "<group>"; };
		209F3620233BEE4900796E05 /* MockViewController.swift */ = {isa = PBXFileReference; fileEncoding = 4; lastKnownFileType = sourcecode.swift; path = MockViewController.swift; sourceTree = "<group>"; };
		209F3621233BEE4900796E05 /* MockCollectionViewController.swift */ = {isa = PBXFileReference; fileEncoding = 4; lastKnownFileType = sourcecode.swift; path = MockCollectionViewController.swift; sourceTree = "<group>"; };
		209F3622233BEE4900796E05 /* MockTableViewController.swift */ = {isa = PBXFileReference; fileEncoding = 4; lastKnownFileType = sourcecode.swift; path = MockTableViewController.swift; sourceTree = "<group>"; };
		209F362A233BF6C200796E05 /* NSObjectTests.swift */ = {isa = PBXFileReference; lastKnownFileType = sourcecode.swift; path = NSObjectTests.swift; sourceTree = "<group>"; };
		209F362C233BF8DB00796E05 /* UIButtonTests.swift */ = {isa = PBXFileReference; lastKnownFileType = sourcecode.swift; path = UIButtonTests.swift; sourceTree = "<group>"; };
		209F3630233BFE1B00796E05 /* SimulationFormViewControllerTests.swift */ = {isa = PBXFileReference; lastKnownFileType = sourcecode.swift; path = SimulationFormViewControllerTests.swift; sourceTree = "<group>"; };
		209F3633233C014400796E05 /* SimulationResultViewControllerTests.swift */ = {isa = PBXFileReference; lastKnownFileType = sourcecode.swift; path = SimulationResultViewControllerTests.swift; sourceTree = "<group>"; };
		209F3636233C027700796E05 /* SimulationResultViewModelMock.swift */ = {isa = PBXFileReference; lastKnownFileType = sourcecode.swift; path = SimulationResultViewModelMock.swift; sourceTree = "<group>"; };
		209F3639233C08A000796E05 /* SimulationResultBusinessMock.swift */ = {isa = PBXFileReference; lastKnownFileType = sourcecode.swift; path = SimulationResultBusinessMock.swift; sourceTree = "<group>"; };
		209F363D233C0DEF00796E05 /* SimulationResultViewModelTests.swift */ = {isa = PBXFileReference; lastKnownFileType = sourcecode.swift; path = SimulationResultViewModelTests.swift; sourceTree = "<group>"; };
		20EBA8E2233CEFAE00E44FE4 /* EncodableTests.swift */ = {isa = PBXFileReference; fileEncoding = 4; lastKnownFileType = sourcecode.swift; path = EncodableTests.swift; sourceTree = "<group>"; };
		25B44C358E577D431952B62D /* Pods-EasyIteris-EasyIterisUITests.debug.xcconfig */ = {isa = PBXFileReference; includeInIndex = 1; lastKnownFileType = text.xcconfig; name = "Pods-EasyIteris-EasyIterisUITests.debug.xcconfig"; path = "Target Support Files/Pods-EasyIteris-EasyIterisUITests/Pods-EasyIteris-EasyIterisUITests.debug.xcconfig"; sourceTree = "<group>"; };
		27F12ED09255708FC894FB13 /* Pods_EasyIterisTests.framework */ = {isa = PBXFileReference; explicitFileType = wrapper.framework; includeInIndex = 0; path = Pods_EasyIterisTests.framework; sourceTree = BUILT_PRODUCTS_DIR; };
		5CAFC937ED6BEF063EE55A8B /* Pods-EasyIteris-EasyIterisUITests.release.xcconfig */ = {isa = PBXFileReference; includeInIndex = 1; lastKnownFileType = text.xcconfig; name = "Pods-EasyIteris-EasyIterisUITests.release.xcconfig"; path = "Target Support Files/Pods-EasyIteris-EasyIterisUITests/Pods-EasyIteris-EasyIterisUITests.release.xcconfig"; sourceTree = "<group>"; };
		6162D435E19A122FB847C401 /* Pods-EasyIterisTests.release-uitests.xcconfig */ = {isa = PBXFileReference; includeInIndex = 1; lastKnownFileType = text.xcconfig; name = "Pods-EasyIterisTests.release-uitests.xcconfig"; path = "Target Support Files/Pods-EasyIterisTests/Pods-EasyIterisTests.release-uitests.xcconfig"; sourceTree = "<group>"; };
		65AAF051C20E4786CC41C55F /* Pods-EasyIterisTests.debug-uitests.xcconfig */ = {isa = PBXFileReference; includeInIndex = 1; lastKnownFileType = text.xcconfig; name = "Pods-EasyIterisTests.debug-uitests.xcconfig"; path = "Target Support Files/Pods-EasyIterisTests/Pods-EasyIterisTests.debug-uitests.xcconfig"; sourceTree = "<group>"; };
		6994B7A676D3777B46CCA8FF /* Pods-EasyIteris-EasyIterisUITests.release-uitests.xcconfig */ = {isa = PBXFileReference; includeInIndex = 1; lastKnownFileType = text.xcconfig; name = "Pods-EasyIteris-EasyIterisUITests.release-uitests.xcconfig"; path = "Target Support Files/Pods-EasyIteris-EasyIterisUITests/Pods-EasyIteris-EasyIterisUITests.release-uitests.xcconfig"; sourceTree = "<group>"; };
		765C5685A8150B024204C054 /* Pods_EasyIteris.framework */ = {isa = PBXFileReference; explicitFileType = wrapper.framework; includeInIndex = 0; path = Pods_EasyIteris.framework; sourceTree = BUILT_PRODUCTS_DIR; };
		A99DD937E6445FD7B6944BC4 /* Pods-EasyIteris.release-uitests.xcconfig */ = {isa = PBXFileReference; includeInIndex = 1; lastKnownFileType = text.xcconfig; name = "Pods-EasyIteris.release-uitests.xcconfig"; path = "Target Support Files/Pods-EasyIteris/Pods-EasyIteris.release-uitests.xcconfig"; sourceTree = "<group>"; };
		AE65122C0504AE8FA1C75C5E /* Pods-EasyIteris.debug-uitests.xcconfig */ = {isa = PBXFileReference; includeInIndex = 1; lastKnownFileType = text.xcconfig; name = "Pods-EasyIteris.debug-uitests.xcconfig"; path = "Target Support Files/Pods-EasyIteris/Pods-EasyIteris.debug-uitests.xcconfig"; sourceTree = "<group>"; };
		C08B004361FED02A57C19316 /* Pods-EasyIteris.release.xcconfig */ = {isa = PBXFileReference; includeInIndex = 1; lastKnownFileType = text.xcconfig; name = "Pods-EasyIteris.release.xcconfig"; path = "Target Support Files/Pods-EasyIteris/Pods-EasyIteris.release.xcconfig"; sourceTree = "<group>"; };
		E0F95BCE0722AF768C187494 /* Pods_EasyIteris_EasyIterisUITests.framework */ = {isa = PBXFileReference; explicitFileType = wrapper.framework; includeInIndex = 0; path = Pods_EasyIteris_EasyIterisUITests.framework; sourceTree = BUILT_PRODUCTS_DIR; };
		EC5D087550246BAC51FE4A97 /* Pods-EasyIteris-EasyIterisUITests.debug-uitests.xcconfig */ = {isa = PBXFileReference; includeInIndex = 1; lastKnownFileType = text.xcconfig; name = "Pods-EasyIteris-EasyIterisUITests.debug-uitests.xcconfig"; path = "Target Support Files/Pods-EasyIteris-EasyIterisUITests/Pods-EasyIteris-EasyIterisUITests.debug-uitests.xcconfig"; sourceTree = "<group>"; };
		FC00E8B3FC1837648E7C47B3 /* Pods-EasyIterisTests.release.xcconfig */ = {isa = PBXFileReference; includeInIndex = 1; lastKnownFileType = text.xcconfig; name = "Pods-EasyIterisTests.release.xcconfig"; path = "Target Support Files/Pods-EasyIterisTests/Pods-EasyIterisTests.release.xcconfig"; sourceTree = "<group>"; };
/* End PBXFileReference section */

/* Begin PBXFrameworksBuildPhase section */
		204F3898233509A600A6223B /* Frameworks */ = {
			isa = PBXFrameworksBuildPhase;
			buildActionMask = 2147483647;
			files = (
				0152B93B0567A859EC1847A3 /* Pods_EasyIteris.framework in Frameworks */,
			);
			runOnlyForDeploymentPostprocessing = 0;
		};
		204F38AC233509A900A6223B /* Frameworks */ = {
			isa = PBXFrameworksBuildPhase;
			buildActionMask = 2147483647;
			files = (
				68C91E4AD2C5C42191B64F96 /* Pods_EasyIterisTests.framework in Frameworks */,
			);
			runOnlyForDeploymentPostprocessing = 0;
		};
		204F38B7233509A900A6223B /* Frameworks */ = {
			isa = PBXFrameworksBuildPhase;
			buildActionMask = 2147483647;
			files = (
				C07072BB90C3844A5E63ACEE /* Pods_EasyIteris_EasyIterisUITests.framework in Frameworks */,
			);
			runOnlyForDeploymentPostprocessing = 0;
		};
/* End PBXFrameworksBuildPhase section */

/* Begin PBXGroup section */
		204F3892233509A600A6223B = {
			isa = PBXGroup;
			children = (
				204F389D233509A600A6223B /* EasyIteris */,
				204F38B2233509A900A6223B /* EasyIterisTests */,
				204F38BD233509A900A6223B /* EasyIterisUITests */,
				204F389C233509A600A6223B /* Products */,
				3DE396C3DE82285551CAB738 /* Pods */,
				886DDA3692DD75FA3BD7CC83 /* Frameworks */,
			);
			sourceTree = "<group>";
		};
		204F389C233509A600A6223B /* Products */ = {
			isa = PBXGroup;
			children = (
				204F389B233509A600A6223B /* EasyIteris.app */,
				204F38AF233509A900A6223B /* EasyIterisTests.xctest */,
				204F38BA233509A900A6223B /* EasyIterisUITests.xctest */,
			);
			name = Products;
			sourceTree = "<group>";
		};
		204F389D233509A600A6223B /* EasyIteris */ = {
			isa = PBXGroup;
			children = (
				204F38F02339194C00A6223B /* Infrastructure */,
				204F38DC2335400D00A6223B /* Components */,
				204F38CE233515DB00A6223B /* Presentation */,
				204F38CD233515CC00A6223B /* Extensions */,
				204F38CC233515C300A6223B /* Entities */,
				204F389E233509A600A6223B /* AppDelegate.swift */,
				204F38A5233509A900A6223B /* Assets.xcassets */,
				204F38A7233509A900A6223B /* LaunchScreen.storyboard */,
				204F38AA233509A900A6223B /* Info.plist */,
				204F38D62335391B00A6223B /* Localizable.strings */,
				204F38D823353A0E00A6223B /* LocalizableStrings.swift */,
			);
			path = EasyIteris;
			sourceTree = "<group>";
		};
		204F38B2233509A900A6223B /* EasyIterisTests */ = {
			isa = PBXGroup;
			children = (
				204F3984233BE01500A6223B /* Source */,
				204F38B5233509A900A6223B /* Info.plist */,
			);
			path = EasyIterisTests;
			sourceTree = "<group>";
		};
		204F38BD233509A900A6223B /* EasyIterisUITests */ = {
			isa = PBXGroup;
			children = (
				204F3945233BD4D400A6223B /* Source */,
				204F38C0233509A900A6223B /* Info.plist */,
			);
			path = EasyIterisUITests;
			sourceTree = "<group>";
		};
		204F38CC233515C300A6223B /* Entities */ = {
			isa = PBXGroup;
			children = (
				204F390C2339371D00A6223B /* SimulationResponse.swift */,
				204F39102339374700A6223B /* SimulationInvestmentParameter.swift */,
				204F3922233A451800A6223B /* SimulationQueryRequest.swift */,
			);
			path = Entities;
			sourceTree = "<group>";
		};
		204F38CD233515CC00A6223B /* Extensions */ = {
			isa = PBXGroup;
			children = (
				204F38DA23353AA500A6223B /* String.swift */,
				204F38DF2335407900A6223B /* Double.swift */,
				204F38E82338EC8900A6223B /* NSObject.swift */,
				204F38EA2338F04F00A6223B /* UIColor.swift */,
				204F38EE2338FF3200A6223B /* UIFont.swift */,
				204F38F42339267500A6223B /* UIButton.swift */,
				204F391E23394DB900A6223B /* URLRequest+Resource.swift */,
				204F3924233A478D00A6223B /* Encodable.swift */,
				204F3930233A8F6D00A6223B /* UIView.swift */,
				204F393A233BA0AA00A6223B /* DateFormatter.swift */,
				204F393C233BA48A00A6223B /* Date.swift */,
			);
			path = Extensions;
			sourceTree = "<group>";
		};
		204F38CE233515DB00A6223B /* Presentation */ = {
			isa = PBXGroup;
			children = (
				204F38E12335590800A6223B /* SimulationResult */,
				204F38D52335320600A6223B /* SimulationForm */,
			);
			path = Presentation;
			sourceTree = "<group>";
		};
		204F38CF233515E300A6223B /* Services */ = {
			isa = PBXGroup;
			children = (
				204F391823394D0500A6223B /* ApiClient.swift */,
				204F391A23394D4800A6223B /* Resource.swift */,
				204F391C23394D7D00A6223B /* GenericResult.swift */,
			);
			path = Services;
			sourceTree = "<group>";
		};
		204F38D52335320600A6223B /* SimulationForm */ = {
			isa = PBXGroup;
			children = (
				204F38D1233531FF00A6223B /* SimulationFormViewController.swift */,
				204F38D2233531FF00A6223B /* SimulationFormViewController.xib */,
				204F38E62338E74A00A6223B /* SimulationFormView.swift */,
				204F391423393BE100A6223B /* SimulationFormViewModel.swift */,
			);
			path = SimulationForm;
			sourceTree = "<group>";
		};
		204F38DC2335400D00A6223B /* Components */ = {
			isa = PBXGroup;
			children = (
				204F38DD2335401900A6223B /* CurrencyField.swift */,
				204F3928233A7C5200A6223B /* ShimmerItemView.swift */,
				204F392C233A80E100A6223B /* Shimmer.swift */,
				204F3943233BC82600A6223B /* PercentField.swift */,
			);
			path = Components;
			sourceTree = "<group>";
		};
		204F38E12335590800A6223B /* SimulationResult */ = {
			isa = PBXGroup;
			children = (
				204F3932233A9FFF00A6223B /* View */,
				204F38E22335592900A6223B /* SimulationResultViewController.swift */,
				204F38E32335592900A6223B /* SimulationResultViewController.xib */,
				204F391623394C6500A6223B /* SimulationResultViewModel.swift */,
				204F39202339573A00A6223B /* SimulationResultBusiness.swift */,
			);
			path = SimulationResult;
			sourceTree = "<group>";
		};
		204F38F02339194C00A6223B /* Infrastructure */ = {
			isa = PBXGroup;
			children = (
				204F38CF233515E300A6223B /* Services */,
				204F38F12339196800A6223B /* Protocols */,
				204F391223393AF700A6223B /* Constants.swift */,
				204F392E233A81DD00A6223B /* Bindable.swift */,
			);
			path = Infrastructure;
			sourceTree = "<group>";
		};
		204F38F12339196800A6223B /* Protocols */ = {
			isa = PBXGroup;
			children = (
				204F38F22339198500A6223B /* ViewCustomizable.swift */,
			);
			path = Protocols;
			sourceTree = "<group>";
		};
		204F3932233A9FFF00A6223B /* View */ = {
			isa = PBXGroup;
			children = (
				204F38EC2338F3A700A6223B /* SimulationResultView.swift */,
				204F3933233AA00D00A6223B /* Shimmer */,
			);
			path = View;
			sourceTree = "<group>";
		};
		204F3933233AA00D00A6223B /* Shimmer */ = {
			isa = PBXGroup;
			children = (
				204F3926233A7B5F00A6223B /* SimulationResultShimmerView.xib */,
				204F392A233A806000A6223B /* SimulationResultShimmerView.swift */,
			);
			path = Shimmer;
			sourceTree = "<group>";
		};
		204F393E233BC46F00A6223B /* Extensions */ = {
			isa = PBXGroup;
			children = (
				20EBA8E2233CEFAE00E44FE4 /* EncodableTests.swift */,
				204F393F233BC48600A6223B /* StringTests.swift */,
				204F3941233BC49A00A6223B /* DoubleTests.swift */,
				209F362A233BF6C200796E05 /* NSObjectTests.swift */,
				209F362C233BF8DB00796E05 /* UIButtonTests.swift */,
			);
			path = Extensions;
			sourceTree = "<group>";
		};
		204F3945233BD4D400A6223B /* Source */ = {
			isa = PBXGroup;
			children = (
				2055691F233CC7DF009B1257 /* Mocks */,
				2055691E233CC7CE009B1257 /* Screens */,
				2055691D233CC790009B1257 /* Features */,
				204F3946233BD4F200A6223B /* Infrastructure */,
			);
			path = Source;
			sourceTree = "<group>";
		};
		204F3946233BD4F200A6223B /* Infrastructure */ = {
			isa = PBXGroup;
			children = (
				204F3947233BD4F200A6223B /* Extension */,
				204F394C233BD4F200A6223B /* Enums */,
				204F394E233BD4F200A6223B /* HTTPStub */,
				204F3952233BD4F200A6223B /* BaseFeature.swift */,
				204F3953233BD4F200A6223B /* BaseScreen.swift */,
			);
			path = Infrastructure;
			sourceTree = "<group>";
		};
		204F3947233BD4F200A6223B /* Extension */ = {
			isa = PBXGroup;
			children = (
				204F3948233BD4F200A6223B /* Date.swift */,
				204F3949233BD4F200A6223B /* ElementExtension.swift */,
				204F394A233BD4F200A6223B /* UIImage.swift */,
				204F394B233BD4F200A6223B /* DateFormatter.swift */,
			);
			path = Extension;
			sourceTree = "<group>";
		};
		204F394C233BD4F200A6223B /* Enums */ = {
			isa = PBXGroup;
			children = (
				204F394D233BD4F200A6223B /* DeviceNameEnum.swift */,
			);
			path = Enums;
			sourceTree = "<group>";
		};
		204F394E233BD4F200A6223B /* HTTPStub */ = {
			isa = PBXGroup;
			children = (
				204F394F233BD4F200A6223B /* HTTPURLPath.swift */,
				204F3950233BD4F200A6223B /* HTTPDynamicStubs.swift */,
				204F3951233BD4F200A6223B /* HTTPStubModel.swift */,
			);
			path = HTTPStub;
			sourceTree = "<group>";
		};
		204F395E233BDF5300A6223B /* Infrastructure */ = {
			isa = PBXGroup;
			children = (
				204F3960233BDF5300A6223B /* FunctionMock.swift */,
				204F3961233BDF5300A6223B /* Extension */,
				204F3967233BDF5300A6223B /* LocalJsonReader.swift */,
				204F3968233BDF5300A6223B /* Enum */,
				204F396A233BDF5300A6223B /* BaseXCTest.swift */,
				204F396B233BDF5300A6223B /* BaseTableViewXCTest.swift */,
				204F396C233BDF5300A6223B /* Protocol */,
				204F396F233BDF5300A6223B /* FatalErrorUtil.swift */,
				204F3970233BDF5300A6223B /* BaseCollectionViewXCTest.swift */,
				204F3972233BDF5300A6223B /* TestUtils.swift */,
			);
			path = Infrastructure;
			sourceTree = "<group>";
		};
		204F3961233BDF5300A6223B /* Extension */ = {
			isa = PBXGroup;
			children = (
				204F3965233BDF5300A6223B /* XCTestExtensionView.swift */,
				204F3966233BDF5300A6223B /* XCTestCaseExtension.swift */,
			);
			path = Extension;
			sourceTree = "<group>";
		};
		204F3968233BDF5300A6223B /* Enum */ = {
			isa = PBXGroup;
			children = (
				204F3969233BDF5300A6223B /* MockType.swift */,
			);
			path = Enum;
			sourceTree = "<group>";
		};
		204F396C233BDF5300A6223B /* Protocol */ = {
			isa = PBXGroup;
			children = (
				204F396D233BDF5300A6223B /* Mockable.swift */,
				204F396E233BDF5300A6223B /* ApiRequestMock.swift */,
			);
			path = Protocol;
			sourceTree = "<group>";
		};
		204F3984233BE01500A6223B /* Source */ = {
			isa = PBXGroup;
			children = (
				204F3986233BE04100A6223B /* Tests */,
				204F3985233BE02E00A6223B /* Mocks */,
				204F393E233BC46F00A6223B /* Extensions */,
				204F395E233BDF5300A6223B /* Infrastructure */,
			);
			path = Source;
			sourceTree = "<group>";
		};
		204F3985233BE02E00A6223B /* Mocks */ = {
			isa = PBXGroup;
			children = (
				209F3638233C088D00796E05 /* Business */,
				209F3635233C026900796E05 /* ViewModel */,
				209F361F233BEE4900796E05 /* ViewController */,
			);
			path = Mocks;
			sourceTree = "<group>";
		};
		204F3986233BE04100A6223B /* Tests */ = {
			isa = PBXGroup;
			children = (
				20556917233CC0B1009B1257 /* Business */,
				209F363C233C0DD400796E05 /* ViewModels */,
				209F363B233C0DC300796E05 /* Controllers */,
			);
			path = Tests;
			sourceTree = "<group>";
		};
		20556917233CC0B1009B1257 /* Business */ = {
			isa = PBXGroup;
			children = (
				20556918233CC0CE009B1257 /* SimulationResultBusinessTests.swift */,
			);
			path = Business;
			sourceTree = "<group>";
		};
		2055691D233CC790009B1257 /* Features */ = {
			isa = PBXGroup;
			children = (
				20556926233CC90C009B1257 /* SimulationFeature.swift */,
			);
			path = Features;
			sourceTree = "<group>";
		};
		2055691E233CC7CE009B1257 /* Screens */ = {
			isa = PBXGroup;
			children = (
				20556920233CC7F7009B1257 /* SimulationFormScreen.swift */,
				20556922233CC807009B1257 /* SimulationResultScreen.swift */,
			);
			path = Screens;
			sourceTree = "<group>";
		};
		2055691F233CC7DF009B1257 /* Mocks */ = {
			isa = PBXGroup;
			children = (
				20556924233CC8F0009B1257 /* simulate.json */,
			);
			path = Mocks;
			sourceTree = "<group>";
		};
		209F361F233BEE4900796E05 /* ViewController */ = {
			isa = PBXGroup;
			children = (
				209F3620233BEE4900796E05 /* MockViewController.swift */,
				209F3621233BEE4900796E05 /* MockCollectionViewController.swift */,
				209F3622233BEE4900796E05 /* MockTableViewController.swift */,
			);
			path = ViewController;
			sourceTree = "<group>";
		};
		209F3635233C026900796E05 /* ViewModel */ = {
			isa = PBXGroup;
			children = (
				209F3636233C027700796E05 /* SimulationResultViewModelMock.swift */,
			);
			path = ViewModel;
			sourceTree = "<group>";
		};
		209F3638233C088D00796E05 /* Business */ = {
			isa = PBXGroup;
			children = (
				209F3639233C08A000796E05 /* SimulationResultBusinessMock.swift */,
			);
			path = Business;
			sourceTree = "<group>";
		};
		209F363B233C0DC300796E05 /* Controllers */ = {
			isa = PBXGroup;
			children = (
				209F3630233BFE1B00796E05 /* SimulationFormViewControllerTests.swift */,
				209F3633233C014400796E05 /* SimulationResultViewControllerTests.swift */,
			);
			path = Controllers;
			sourceTree = "<group>";
		};
		209F363C233C0DD400796E05 /* ViewModels */ = {
			isa = PBXGroup;
			children = (
				209F363D233C0DEF00796E05 /* SimulationResultViewModelTests.swift */,
			);
			path = ViewModels;
			sourceTree = "<group>";
		};
		3DE396C3DE82285551CAB738 /* Pods */ = {
			isa = PBXGroup;
			children = (
				1F5E37E2DB36AD82211CC1C0 /* Pods-EasyIteris.debug.xcconfig */,
				AE65122C0504AE8FA1C75C5E /* Pods-EasyIteris.debug-uitests.xcconfig */,
				C08B004361FED02A57C19316 /* Pods-EasyIteris.release.xcconfig */,
				A99DD937E6445FD7B6944BC4 /* Pods-EasyIteris.release-uitests.xcconfig */,
				25B44C358E577D431952B62D /* Pods-EasyIteris-EasyIterisUITests.debug.xcconfig */,
				EC5D087550246BAC51FE4A97 /* Pods-EasyIteris-EasyIterisUITests.debug-uitests.xcconfig */,
				5CAFC937ED6BEF063EE55A8B /* Pods-EasyIteris-EasyIterisUITests.release.xcconfig */,
				6994B7A676D3777B46CCA8FF /* Pods-EasyIteris-EasyIterisUITests.release-uitests.xcconfig */,
				0497CD014F9A36B762828520 /* Pods-EasyIterisTests.debug.xcconfig */,
				65AAF051C20E4786CC41C55F /* Pods-EasyIterisTests.debug-uitests.xcconfig */,
				FC00E8B3FC1837648E7C47B3 /* Pods-EasyIterisTests.release.xcconfig */,
				6162D435E19A122FB847C401 /* Pods-EasyIterisTests.release-uitests.xcconfig */,
			);
			path = Pods;
			sourceTree = "<group>";
		};
		886DDA3692DD75FA3BD7CC83 /* Frameworks */ = {
			isa = PBXGroup;
			children = (
				765C5685A8150B024204C054 /* Pods_EasyIteris.framework */,
				E0F95BCE0722AF768C187494 /* Pods_EasyIteris_EasyIterisUITests.framework */,
				27F12ED09255708FC894FB13 /* Pods_EasyIterisTests.framework */,
			);
			name = Frameworks;
			sourceTree = "<group>";
		};
/* End PBXGroup section */

/* Begin PBXNativeTarget section */
		204F389A233509A600A6223B /* EasyIteris */ = {
			isa = PBXNativeTarget;
			buildConfigurationList = 204F38C3233509A900A6223B /* Build configuration list for PBXNativeTarget "EasyIteris" */;
			buildPhases = (
				8DBCAB4E33596D8CE0518C43 /* [CP] Check Pods Manifest.lock */,
				204F3897233509A600A6223B /* Sources */,
				204F3898233509A600A6223B /* Frameworks */,
				204F3899233509A600A6223B /* Resources */,
				204F38D023352A3300A6223B /* SwiftLint */,
				E3449048BBA21F6715975987 /* [CP] Embed Pods Frameworks */,
			);
			buildRules = (
			);
			dependencies = (
			);
			name = EasyIteris;
			productName = EasyIteris;
			productReference = 204F389B233509A600A6223B /* EasyIteris.app */;
			productType = "com.apple.product-type.application";
		};
		204F38AE233509A900A6223B /* EasyIterisTests */ = {
			isa = PBXNativeTarget;
			buildConfigurationList = 204F38C6233509A900A6223B /* Build configuration list for PBXNativeTarget "EasyIterisTests" */;
			buildPhases = (
				4EEBF10016F8559AD103F02D /* [CP] Check Pods Manifest.lock */,
				204F38AB233509A900A6223B /* Sources */,
				204F38AC233509A900A6223B /* Frameworks */,
				204F38AD233509A900A6223B /* Resources */,
				17D265258BECDC9AF9BB125E /* [CP] Embed Pods Frameworks */,
			);
			buildRules = (
			);
			dependencies = (
				204F38B1233509A900A6223B /* PBXTargetDependency */,
			);
			name = EasyIterisTests;
			productName = EasyIterisTests;
			productReference = 204F38AF233509A900A6223B /* EasyIterisTests.xctest */;
			productType = "com.apple.product-type.bundle.unit-test";
		};
		204F38B9233509A900A6223B /* EasyIterisUITests */ = {
			isa = PBXNativeTarget;
			buildConfigurationList = 204F38C9233509A900A6223B /* Build configuration list for PBXNativeTarget "EasyIterisUITests" */;
			buildPhases = (
				FA1F230FD3D00D23DC79347E /* [CP] Check Pods Manifest.lock */,
				204F38B6233509A900A6223B /* Sources */,
				204F38B7233509A900A6223B /* Frameworks */,
				204F38B8233509A900A6223B /* Resources */,
				F79A84E9ABB1447485B1BD27 /* [CP] Embed Pods Frameworks */,
			);
			buildRules = (
			);
			dependencies = (
				204F38BC233509A900A6223B /* PBXTargetDependency */,
			);
			name = EasyIterisUITests;
			productName = EasyIterisUITests;
			productReference = 204F38BA233509A900A6223B /* EasyIterisUITests.xctest */;
			productType = "com.apple.product-type.bundle.ui-testing";
		};
/* End PBXNativeTarget section */

/* Begin PBXProject section */
		204F3893233509A600A6223B /* Project object */ = {
			isa = PBXProject;
			attributes = {
				LastSwiftUpdateCheck = 1000;
				LastUpgradeCheck = 1000;
				ORGANIZATIONNAME = "Decio Montanhani";
				TargetAttributes = {
					204F389A233509A600A6223B = {
						CreatedOnToolsVersion = 10.0;
					};
					204F38AE233509A900A6223B = {
						CreatedOnToolsVersion = 10.0;
						TestTargetID = 204F389A233509A600A6223B;
					};
					204F38B9233509A900A6223B = {
						CreatedOnToolsVersion = 10.0;
						TestTargetID = 204F389A233509A600A6223B;
					};
				};
			};
			buildConfigurationList = 204F3896233509A600A6223B /* Build configuration list for PBXProject "EasyIteris" */;
			compatibilityVersion = "Xcode 9.3";
			developmentRegion = en;
			hasScannedForEncodings = 0;
			knownRegions = (
				en,
				Base,
			);
			mainGroup = 204F3892233509A600A6223B;
			productRefGroup = 204F389C233509A600A6223B /* Products */;
			projectDirPath = "";
			projectRoot = "";
			targets = (
				204F389A233509A600A6223B /* EasyIteris */,
				204F38AE233509A900A6223B /* EasyIterisTests */,
				204F38B9233509A900A6223B /* EasyIterisUITests */,
			);
		};
/* End PBXProject section */

/* Begin PBXResourcesBuildPhase section */
		204F3899233509A600A6223B /* Resources */ = {
			isa = PBXResourcesBuildPhase;
			buildActionMask = 2147483647;
			files = (
				204F38A9233509A900A6223B /* LaunchScreen.storyboard in Resources */,
				204F38E52335592900A6223B /* SimulationResultViewController.xib in Resources */,
				204F38D72335391B00A6223B /* Localizable.strings in Resources */,
				204F38A6233509A900A6223B /* Assets.xcassets in Resources */,
				204F3927233A7B5F00A6223B /* SimulationResultShimmerView.xib in Resources */,
				204F38D4233531FF00A6223B /* SimulationFormViewController.xib in Resources */,
			);
			runOnlyForDeploymentPostprocessing = 0;
		};
		204F38AD233509A900A6223B /* Resources */ = {
			isa = PBXResourcesBuildPhase;
			buildActionMask = 2147483647;
			files = (
			);
			runOnlyForDeploymentPostprocessing = 0;
		};
		204F38B8233509A900A6223B /* Resources */ = {
			isa = PBXResourcesBuildPhase;
			buildActionMask = 2147483647;
			files = (
				20556925233CC8F0009B1257 /* simulate.json in Resources */,
			);
			runOnlyForDeploymentPostprocessing = 0;
		};
/* End PBXResourcesBuildPhase section */

/* Begin PBXShellScriptBuildPhase section */
		17D265258BECDC9AF9BB125E /* [CP] Embed Pods Frameworks */ = {
			isa = PBXShellScriptBuildPhase;
			buildActionMask = 2147483647;
			files = (
			);
			inputFileListPaths = (
				"${PODS_ROOT}/Target Support Files/Pods-EasyIterisTests/Pods-EasyIterisTests-frameworks-${CONFIGURATION}-input-files.xcfilelist",
			);
			name = "[CP] Embed Pods Frameworks";
			outputFileListPaths = (
				"${PODS_ROOT}/Target Support Files/Pods-EasyIterisTests/Pods-EasyIterisTests-frameworks-${CONFIGURATION}-output-files.xcfilelist",
			);
			runOnlyForDeploymentPostprocessing = 0;
			shellPath = /bin/sh;
			shellScript = "\"${PODS_ROOT}/Target Support Files/Pods-EasyIterisTests/Pods-EasyIterisTests-frameworks.sh\"\n";
			showEnvVarsInLog = 0;
		};
		204F38D023352A3300A6223B /* SwiftLint */ = {
			isa = PBXShellScriptBuildPhase;
			buildActionMask = 2147483647;
			files = (
			);
			inputFileListPaths = (
			);
			inputPaths = (
			);
			name = SwiftLint;
			outputFileListPaths = (
			);
			outputPaths = (
				"",
			);
			runOnlyForDeploymentPostprocessing = 0;
			shellPath = /bin/sh;
			shellScript = "\"${PODS_ROOT}/SwiftLint/swiftlint\"\n";
		};
		4EEBF10016F8559AD103F02D /* [CP] Check Pods Manifest.lock */ = {
			isa = PBXShellScriptBuildPhase;
			buildActionMask = 2147483647;
			files = (
			);
			inputFileListPaths = (
			);
			inputPaths = (
				"${PODS_PODFILE_DIR_PATH}/Podfile.lock",
				"${PODS_ROOT}/Manifest.lock",
			);
			name = "[CP] Check Pods Manifest.lock";
			outputFileListPaths = (
			);
			outputPaths = (
				"$(DERIVED_FILE_DIR)/Pods-EasyIterisTests-checkManifestLockResult.txt",
			);
			runOnlyForDeploymentPostprocessing = 0;
			shellPath = /bin/sh;
			shellScript = "diff \"${PODS_PODFILE_DIR_PATH}/Podfile.lock\" \"${PODS_ROOT}/Manifest.lock\" > /dev/null\nif [ $? != 0 ] ; then\n    # print error to STDERR\n    echo \"error: The sandbox is not in sync with the Podfile.lock. Run 'pod install' or update your CocoaPods installation.\" >&2\n    exit 1\nfi\n# This output is used by Xcode 'outputs' to avoid re-running this script phase.\necho \"SUCCESS\" > \"${SCRIPT_OUTPUT_FILE_0}\"\n";
			showEnvVarsInLog = 0;
		};
		8DBCAB4E33596D8CE0518C43 /* [CP] Check Pods Manifest.lock */ = {
			isa = PBXShellScriptBuildPhase;
			buildActionMask = 2147483647;
			files = (
			);
			inputFileListPaths = (
			);
			inputPaths = (
				"${PODS_PODFILE_DIR_PATH}/Podfile.lock",
				"${PODS_ROOT}/Manifest.lock",
			);
			name = "[CP] Check Pods Manifest.lock";
			outputFileListPaths = (
			);
			outputPaths = (
				"$(DERIVED_FILE_DIR)/Pods-EasyIteris-checkManifestLockResult.txt",
			);
			runOnlyForDeploymentPostprocessing = 0;
			shellPath = /bin/sh;
			shellScript = "diff \"${PODS_PODFILE_DIR_PATH}/Podfile.lock\" \"${PODS_ROOT}/Manifest.lock\" > /dev/null\nif [ $? != 0 ] ; then\n    # print error to STDERR\n    echo \"error: The sandbox is not in sync with the Podfile.lock. Run 'pod install' or update your CocoaPods installation.\" >&2\n    exit 1\nfi\n# This output is used by Xcode 'outputs' to avoid re-running this script phase.\necho \"SUCCESS\" > \"${SCRIPT_OUTPUT_FILE_0}\"\n";
			showEnvVarsInLog = 0;
		};
		E3449048BBA21F6715975987 /* [CP] Embed Pods Frameworks */ = {
			isa = PBXShellScriptBuildPhase;
			buildActionMask = 2147483647;
			files = (
			);
			inputFileListPaths = (
				"${PODS_ROOT}/Target Support Files/Pods-EasyIteris/Pods-EasyIteris-frameworks-${CONFIGURATION}-input-files.xcfilelist",
			);
			name = "[CP] Embed Pods Frameworks";
			outputFileListPaths = (
				"${PODS_ROOT}/Target Support Files/Pods-EasyIteris/Pods-EasyIteris-frameworks-${CONFIGURATION}-output-files.xcfilelist",
			);
			runOnlyForDeploymentPostprocessing = 0;
			shellPath = /bin/sh;
			shellScript = "\"${PODS_ROOT}/Target Support Files/Pods-EasyIteris/Pods-EasyIteris-frameworks.sh\"\n";
			showEnvVarsInLog = 0;
		};
		F79A84E9ABB1447485B1BD27 /* [CP] Embed Pods Frameworks */ = {
			isa = PBXShellScriptBuildPhase;
			buildActionMask = 2147483647;
			files = (
			);
			inputFileListPaths = (
				"${PODS_ROOT}/Target Support Files/Pods-EasyIteris-EasyIterisUITests/Pods-EasyIteris-EasyIterisUITests-frameworks-${CONFIGURATION}-input-files.xcfilelist",
			);
			name = "[CP] Embed Pods Frameworks";
			outputFileListPaths = (
				"${PODS_ROOT}/Target Support Files/Pods-EasyIteris-EasyIterisUITests/Pods-EasyIteris-EasyIterisUITests-frameworks-${CONFIGURATION}-output-files.xcfilelist",
			);
			runOnlyForDeploymentPostprocessing = 0;
			shellPath = /bin/sh;
			shellScript = "\"${PODS_ROOT}/Target Support Files/Pods-EasyIteris-EasyIterisUITests/Pods-EasyIteris-EasyIterisUITests-frameworks.sh\"\n";
			showEnvVarsInLog = 0;
		};
		FA1F230FD3D00D23DC79347E /* [CP] Check Pods Manifest.lock */ = {
			isa = PBXShellScriptBuildPhase;
			buildActionMask = 2147483647;
			files = (
			);
			inputFileListPaths = (
			);
			inputPaths = (
				"${PODS_PODFILE_DIR_PATH}/Podfile.lock",
				"${PODS_ROOT}/Manifest.lock",
			);
			name = "[CP] Check Pods Manifest.lock";
			outputFileListPaths = (
			);
			outputPaths = (
				"$(DERIVED_FILE_DIR)/Pods-EasyIteris-EasyIterisUITests-checkManifestLockResult.txt",
			);
			runOnlyForDeploymentPostprocessing = 0;
			shellPath = /bin/sh;
			shellScript = "diff \"${PODS_PODFILE_DIR_PATH}/Podfile.lock\" \"${PODS_ROOT}/Manifest.lock\" > /dev/null\nif [ $? != 0 ] ; then\n    # print error to STDERR\n    echo \"error: The sandbox is not in sync with the Podfile.lock. Run 'pod install' or update your CocoaPods installation.\" >&2\n    exit 1\nfi\n# This output is used by Xcode 'outputs' to avoid re-running this script phase.\necho \"SUCCESS\" > \"${SCRIPT_OUTPUT_FILE_0}\"\n";
			showEnvVarsInLog = 0;
		};
/* End PBXShellScriptBuildPhase section */

/* Begin PBXSourcesBuildPhase section */
		204F3897233509A600A6223B /* Sources */ = {
			isa = PBXSourcesBuildPhase;
			buildActionMask = 2147483647;
			files = (
				204F393B233BA0AA00A6223B /* DateFormatter.swift in Sources */,
				204F38D3233531FF00A6223B /* SimulationFormViewController.swift in Sources */,
				204F3929233A7C5200A6223B /* ShimmerItemView.swift in Sources */,
				204F391323393AF700A6223B /* Constants.swift in Sources */,
				204F38E42335592900A6223B /* SimulationResultViewController.swift in Sources */,
				204F3923233A451800A6223B /* SimulationQueryRequest.swift in Sources */,
				204F38F32339198500A6223B /* ViewCustomizable.swift in Sources */,
				204F391723394C6500A6223B /* SimulationResultViewModel.swift in Sources */,
				204F38D923353A0E00A6223B /* LocalizableStrings.swift in Sources */,
				204F392B233A806000A6223B /* SimulationResultShimmerView.swift in Sources */,
				204F391B23394D4800A6223B /* Resource.swift in Sources */,
				204F391523393BE100A6223B /* SimulationFormViewModel.swift in Sources */,
				204F38E92338EC8900A6223B /* NSObject.swift in Sources */,
				204F39212339573A00A6223B /* SimulationResultBusiness.swift in Sources */,
				204F38DB23353AA500A6223B /* String.swift in Sources */,
				204F391D23394D7D00A6223B /* GenericResult.swift in Sources */,
				204F38DE2335401900A6223B /* CurrencyField.swift in Sources */,
				204F38ED2338F3A700A6223B /* SimulationResultView.swift in Sources */,
				204F3931233A8F6E00A6223B /* UIView.swift in Sources */,
				204F393D233BA48A00A6223B /* Date.swift in Sources */,
				204F3925233A478D00A6223B /* Encodable.swift in Sources */,
				204F38E02335407900A6223B /* Double.swift in Sources */,
				204F3944233BC82600A6223B /* PercentField.swift in Sources */,
				204F39112339374700A6223B /* SimulationInvestmentParameter.swift in Sources */,
				204F392F233A81DD00A6223B /* Bindable.swift in Sources */,
				204F38EF2338FF3200A6223B /* UIFont.swift in Sources */,
				204F390D2339371D00A6223B /* SimulationResponse.swift in Sources */,
				204F389F233509A600A6223B /* AppDelegate.swift in Sources */,
				204F38F52339267500A6223B /* UIButton.swift in Sources */,
				204F38E72338E74A00A6223B /* SimulationFormView.swift in Sources */,
				204F38EB2338F04F00A6223B /* UIColor.swift in Sources */,
				204F391F23394DB900A6223B /* URLRequest+Resource.swift in Sources */,
				204F392D233A80E100A6223B /* Shimmer.swift in Sources */,
				204F391923394D0500A6223B /* ApiClient.swift in Sources */,
			);
			runOnlyForDeploymentPostprocessing = 0;
		};
		204F38AB233509A900A6223B /* Sources */ = {
			isa = PBXSourcesBuildPhase;
			buildActionMask = 2147483647;
			files = (
				204F397C233BDF5300A6223B /* BaseXCTest.swift in Sources */,
				204F3983233BDF5300A6223B /* TestUtils.swift in Sources */,
				204F3940233BC48600A6223B /* StringTests.swift in Sources */,
				204F3978233BDF5300A6223B /* XCTestExtensionView.swift in Sources */,
				204F3942233BC49A00A6223B /* DoubleTests.swift in Sources */,
				204F397D233BDF5300A6223B /* BaseTableViewXCTest.swift in Sources */,
				204F397E233BDF5300A6223B /* Mockable.swift in Sources */,
				204F397A233BDF5300A6223B /* LocalJsonReader.swift in Sources */,
				204F3974233BDF5300A6223B /* FunctionMock.swift in Sources */,
				209F362B233BF6C200796E05 /* NSObjectTests.swift in Sources */,
				204F3980233BDF5300A6223B /* FatalErrorUtil.swift in Sources */,
				20EBA8E3233CEFAE00E44FE4 /* EncodableTests.swift in Sources */,
				209F363E233C0DEF00796E05 /* SimulationResultViewModelTests.swift in Sources */,
				209F363A233C08A000796E05 /* SimulationResultBusinessMock.swift in Sources */,
				209F362D233BF8DB00796E05 /* UIButtonTests.swift in Sources */,
				209F3627233BEE4900796E05 /* MockTableViewController.swift in Sources */,
				209F3637233C027700796E05 /* SimulationResultViewModelMock.swift in Sources */,
				209F3625233BEE4900796E05 /* MockCollectionViewController.swift in Sources */,
				209F3634233C014400796E05 /* SimulationResultViewControllerTests.swift in Sources */,
				204F397F233BDF5300A6223B /* ApiRequestMock.swift in Sources */,
				20556919233CC0CE009B1257 /* SimulationResultBusinessTests.swift in Sources */,
				209F3623233BEE4900796E05 /* MockViewController.swift in Sources */,
				204F397B233BDF5300A6223B /* MockType.swift in Sources */,
				209F3629233BF0B900796E05 /* UIImage.swift in Sources */,
				209F3631233BFE1B00796E05 /* SimulationFormViewControllerTests.swift in Sources */,
				204F3979233BDF5300A6223B /* XCTestCaseExtension.swift in Sources */,
				204F3981233BDF5300A6223B /* BaseCollectionViewXCTest.swift in Sources */,
			);
			runOnlyForDeploymentPostprocessing = 0;
		};
		204F38B6233509A900A6223B /* Sources */ = {
			isa = PBXSourcesBuildPhase;
			buildActionMask = 2147483647;
			files = (
				204F3955233BD4F200A6223B /* ElementExtension.swift in Sources */,
				204F395D233BD4F200A6223B /* BaseScreen.swift in Sources */,
				204F3956233BD4F200A6223B /* UIImage.swift in Sources */,
				204F3954233BD4F200A6223B /* Date.swift in Sources */,
				204F3957233BD4F200A6223B /* DateFormatter.swift in Sources */,
				204F395C233BD4F200A6223B /* BaseFeature.swift in Sources */,
				204F3959233BD4F200A6223B /* HTTPURLPath.swift in Sources */,
				209F3624233BEE4900796E05 /* MockViewController.swift in Sources */,
				20556927233CC90C009B1257 /* SimulationFeature.swift in Sources */,
				204F3987233BE21900A6223B /* LocalJsonReader.swift in Sources */,
				204F3958233BD4F200A6223B /* DeviceNameEnum.swift in Sources */,
				209F3628233BEE4900796E05 /* MockTableViewController.swift in Sources */,
				204F395A233BD4F200A6223B /* HTTPDynamicStubs.swift in Sources */,
				209F3626233BEE4900796E05 /* MockCollectionViewController.swift in Sources */,
				20556923233CC807009B1257 /* SimulationResultScreen.swift in Sources */,
				20556921233CC7F7009B1257 /* SimulationFormScreen.swift in Sources */,
				204F395B233BD4F200A6223B /* HTTPStubModel.swift in Sources */,
			);
			runOnlyForDeploymentPostprocessing = 0;
		};
/* End PBXSourcesBuildPhase section */

/* Begin PBXTargetDependency section */
		204F38B1233509A900A6223B /* PBXTargetDependency */ = {
			isa = PBXTargetDependency;
			target = 204F389A233509A600A6223B /* EasyIteris */;
			targetProxy = 204F38B0233509A900A6223B /* PBXContainerItemProxy */;
		};
		204F38BC233509A900A6223B /* PBXTargetDependency */ = {
			isa = PBXTargetDependency;
			target = 204F389A233509A600A6223B /* EasyIteris */;
			targetProxy = 204F38BB233509A900A6223B /* PBXContainerItemProxy */;
		};
/* End PBXTargetDependency section */

/* Begin PBXVariantGroup section */
		204F38A7233509A900A6223B /* LaunchScreen.storyboard */ = {
			isa = PBXVariantGroup;
			children = (
				204F38A8233509A900A6223B /* Base */,
			);
			name = LaunchScreen.storyboard;
			sourceTree = "<group>";
		};
/* End PBXVariantGroup section */

/* Begin XCBuildConfiguration section */
		204F38C1233509A900A6223B /* Debug */ = {
			isa = XCBuildConfiguration;
			buildSettings = {
				ALWAYS_SEARCH_USER_PATHS = NO;
				CLANG_ANALYZER_NONNULL = YES;
				CLANG_ANALYZER_NUMBER_OBJECT_CONVERSION = YES_AGGRESSIVE;
				CLANG_CXX_LANGUAGE_STANDARD = "gnu++14";
				CLANG_CXX_LIBRARY = "libc++";
				CLANG_ENABLE_MODULES = YES;
				CLANG_ENABLE_OBJC_ARC = YES;
				CLANG_ENABLE_OBJC_WEAK = YES;
				CLANG_WARN_BLOCK_CAPTURE_AUTORELEASING = YES;
				CLANG_WARN_BOOL_CONVERSION = YES;
				CLANG_WARN_COMMA = YES;
				CLANG_WARN_CONSTANT_CONVERSION = YES;
				CLANG_WARN_DEPRECATED_OBJC_IMPLEMENTATIONS = YES;
				CLANG_WARN_DIRECT_OBJC_ISA_USAGE = YES_ERROR;
				CLANG_WARN_DOCUMENTATION_COMMENTS = YES;
				CLANG_WARN_EMPTY_BODY = YES;
				CLANG_WARN_ENUM_CONVERSION = YES;
				CLANG_WARN_INFINITE_RECURSION = YES;
				CLANG_WARN_INT_CONVERSION = YES;
				CLANG_WARN_NON_LITERAL_NULL_CONVERSION = YES;
				CLANG_WARN_OBJC_IMPLICIT_RETAIN_SELF = YES;
				CLANG_WARN_OBJC_LITERAL_CONVERSION = YES;
				CLANG_WARN_OBJC_ROOT_CLASS = YES_ERROR;
				CLANG_WARN_RANGE_LOOP_ANALYSIS = YES;
				CLANG_WARN_STRICT_PROTOTYPES = YES;
				CLANG_WARN_SUSPICIOUS_MOVE = YES;
				CLANG_WARN_UNGUARDED_AVAILABILITY = YES_AGGRESSIVE;
				CLANG_WARN_UNREACHABLE_CODE = YES;
				CLANG_WARN__DUPLICATE_METHOD_MATCH = YES;
				CODE_SIGN_IDENTITY = "iPhone Developer";
				COPY_PHASE_STRIP = NO;
				DEBUG_INFORMATION_FORMAT = dwarf;
				ENABLE_STRICT_OBJC_MSGSEND = YES;
				ENABLE_TESTABILITY = YES;
				GCC_C_LANGUAGE_STANDARD = gnu11;
				GCC_DYNAMIC_NO_PIC = NO;
				GCC_NO_COMMON_BLOCKS = YES;
				GCC_OPTIMIZATION_LEVEL = 0;
				GCC_PREPROCESSOR_DEFINITIONS = (
					"DEBUG=1",
					"$(inherited)",
				);
				GCC_WARN_64_TO_32_BIT_CONVERSION = YES;
				GCC_WARN_ABOUT_RETURN_TYPE = YES_ERROR;
				GCC_WARN_UNDECLARED_SELECTOR = YES;
				GCC_WARN_UNINITIALIZED_AUTOS = YES_AGGRESSIVE;
				GCC_WARN_UNUSED_FUNCTION = YES;
				GCC_WARN_UNUSED_VARIABLE = YES;
				IPHONEOS_DEPLOYMENT_TARGET = 12.0;
				MTL_ENABLE_DEBUG_INFO = INCLUDE_SOURCE;
				MTL_FAST_MATH = YES;
				ONLY_ACTIVE_ARCH = YES;
				SDKROOT = iphoneos;
				SWIFT_ACTIVE_COMPILATION_CONDITIONS = DEBUG;
				SWIFT_OPTIMIZATION_LEVEL = "-Onone";
			};
			name = Debug;
		};
		204F38C2233509A900A6223B /* Release */ = {
			isa = XCBuildConfiguration;
			buildSettings = {
				ALWAYS_SEARCH_USER_PATHS = NO;
				CLANG_ANALYZER_NONNULL = YES;
				CLANG_ANALYZER_NUMBER_OBJECT_CONVERSION = YES_AGGRESSIVE;
				CLANG_CXX_LANGUAGE_STANDARD = "gnu++14";
				CLANG_CXX_LIBRARY = "libc++";
				CLANG_ENABLE_MODULES = YES;
				CLANG_ENABLE_OBJC_ARC = YES;
				CLANG_ENABLE_OBJC_WEAK = YES;
				CLANG_WARN_BLOCK_CAPTURE_AUTORELEASING = YES;
				CLANG_WARN_BOOL_CONVERSION = YES;
				CLANG_WARN_COMMA = YES;
				CLANG_WARN_CONSTANT_CONVERSION = YES;
				CLANG_WARN_DEPRECATED_OBJC_IMPLEMENTATIONS = YES;
				CLANG_WARN_DIRECT_OBJC_ISA_USAGE = YES_ERROR;
				CLANG_WARN_DOCUMENTATION_COMMENTS = YES;
				CLANG_WARN_EMPTY_BODY = YES;
				CLANG_WARN_ENUM_CONVERSION = YES;
				CLANG_WARN_INFINITE_RECURSION = YES;
				CLANG_WARN_INT_CONVERSION = YES;
				CLANG_WARN_NON_LITERAL_NULL_CONVERSION = YES;
				CLANG_WARN_OBJC_IMPLICIT_RETAIN_SELF = YES;
				CLANG_WARN_OBJC_LITERAL_CONVERSION = YES;
				CLANG_WARN_OBJC_ROOT_CLASS = YES_ERROR;
				CLANG_WARN_RANGE_LOOP_ANALYSIS = YES;
				CLANG_WARN_STRICT_PROTOTYPES = YES;
				CLANG_WARN_SUSPICIOUS_MOVE = YES;
				CLANG_WARN_UNGUARDED_AVAILABILITY = YES_AGGRESSIVE;
				CLANG_WARN_UNREACHABLE_CODE = YES;
				CLANG_WARN__DUPLICATE_METHOD_MATCH = YES;
				CODE_SIGN_IDENTITY = "iPhone Developer";
				COPY_PHASE_STRIP = NO;
				DEBUG_INFORMATION_FORMAT = "dwarf-with-dsym";
				ENABLE_NS_ASSERTIONS = NO;
				ENABLE_STRICT_OBJC_MSGSEND = YES;
				GCC_C_LANGUAGE_STANDARD = gnu11;
				GCC_NO_COMMON_BLOCKS = YES;
				GCC_WARN_64_TO_32_BIT_CONVERSION = YES;
				GCC_WARN_ABOUT_RETURN_TYPE = YES_ERROR;
				GCC_WARN_UNDECLARED_SELECTOR = YES;
				GCC_WARN_UNINITIALIZED_AUTOS = YES_AGGRESSIVE;
				GCC_WARN_UNUSED_FUNCTION = YES;
				GCC_WARN_UNUSED_VARIABLE = YES;
				IPHONEOS_DEPLOYMENT_TARGET = 12.0;
				MTL_ENABLE_DEBUG_INFO = NO;
				MTL_FAST_MATH = YES;
				SDKROOT = iphoneos;
				SWIFT_COMPILATION_MODE = wholemodule;
				SWIFT_OPTIMIZATION_LEVEL = "-O";
				VALIDATE_PRODUCT = YES;
			};
			name = Release;
		};
		204F38C4233509A900A6223B /* Debug */ = {
			isa = XCBuildConfiguration;
			baseConfigurationReference = 1F5E37E2DB36AD82211CC1C0 /* Pods-EasyIteris.debug.xcconfig */;
			buildSettings = {
				ASSETCATALOG_COMPILER_APPICON_NAME = AppIcon;
				BASE_URL = "https://api-simulator-calc.easynvest.com.br";
				CODE_SIGN_STYLE = Automatic;
				DEVELOPMENT_TEAM = 5429XEL3R5;
				INFOPLIST_FILE = EasyIteris/Info.plist;
				IPHONEOS_DEPLOYMENT_TARGET = 11.0;
				LD_RUNPATH_SEARCH_PATHS = (
					"$(inherited)",
					"@executable_path/Frameworks",
				);
				PRODUCT_BUNDLE_IDENTIFIER = br.com.iteris.EasyIteris;
				PRODUCT_NAME = "$(TARGET_NAME)";
				SWIFT_VERSION = 4.2;
				TARGETED_DEVICE_FAMILY = 1;
			};
			name = Debug;
		};
		204F38C5233509A900A6223B /* Release */ = {
			isa = XCBuildConfiguration;
			baseConfigurationReference = C08B004361FED02A57C19316 /* Pods-EasyIteris.release.xcconfig */;
			buildSettings = {
				ASSETCATALOG_COMPILER_APPICON_NAME = AppIcon;
				BASE_URL = "https://api-simulator-calc.easynvest.com.br";
				CODE_SIGN_STYLE = Automatic;
				DEVELOPMENT_TEAM = 5429XEL3R5;
				INFOPLIST_FILE = EasyIteris/Info.plist;
				IPHONEOS_DEPLOYMENT_TARGET = 11.0;
				LD_RUNPATH_SEARCH_PATHS = (
					"$(inherited)",
					"@executable_path/Frameworks",
				);
				PRODUCT_BUNDLE_IDENTIFIER = br.com.iteris.EasyIteris;
				PRODUCT_NAME = "$(TARGET_NAME)";
				SWIFT_VERSION = 4.2;
				TARGETED_DEVICE_FAMILY = 1;
			};
			name = Release;
		};
		204F38C7233509A900A6223B /* Debug */ = {
			isa = XCBuildConfiguration;
			baseConfigurationReference = 0497CD014F9A36B762828520 /* Pods-EasyIterisTests.debug.xcconfig */;
			buildSettings = {
				ALWAYS_EMBED_SWIFT_STANDARD_LIBRARIES = YES;
				BUNDLE_LOADER = "$(TEST_HOST)";
				CODE_SIGN_STYLE = Automatic;
				INFOPLIST_FILE = EasyIterisTests/Info.plist;
				LD_RUNPATH_SEARCH_PATHS = (
					"$(inherited)",
					"@executable_path/Frameworks",
					"@loader_path/Frameworks",
				);
				PRODUCT_BUNDLE_IDENTIFIER = br.com.iteris.EasyIterisTests;
				PRODUCT_NAME = "$(TARGET_NAME)";
				SWIFT_VERSION = 4.2;
				TARGETED_DEVICE_FAMILY = "1,2";
				TEST_HOST = "$(BUILT_PRODUCTS_DIR)/EasyIteris.app/EasyIteris";
			};
			name = Debug;
		};
		204F38C8233509A900A6223B /* Release */ = {
			isa = XCBuildConfiguration;
			baseConfigurationReference = FC00E8B3FC1837648E7C47B3 /* Pods-EasyIterisTests.release.xcconfig */;
			buildSettings = {
				ALWAYS_EMBED_SWIFT_STANDARD_LIBRARIES = YES;
				BUNDLE_LOADER = "$(TEST_HOST)";
				CODE_SIGN_STYLE = Automatic;
				INFOPLIST_FILE = EasyIterisTests/Info.plist;
				LD_RUNPATH_SEARCH_PATHS = (
					"$(inherited)",
					"@executable_path/Frameworks",
					"@loader_path/Frameworks",
				);
				PRODUCT_BUNDLE_IDENTIFIER = br.com.iteris.EasyIterisTests;
				PRODUCT_NAME = "$(TARGET_NAME)";
				SWIFT_VERSION = 4.2;
				TARGETED_DEVICE_FAMILY = "1,2";
				TEST_HOST = "$(BUILT_PRODUCTS_DIR)/EasyIteris.app/EasyIteris";
			};
			name = Release;
		};
		204F38CA233509A900A6223B /* Debug */ = {
			isa = XCBuildConfiguration;
			baseConfigurationReference = 25B44C358E577D431952B62D /* Pods-EasyIteris-EasyIterisUITests.debug.xcconfig */;
			buildSettings = {
				ALWAYS_EMBED_SWIFT_STANDARD_LIBRARIES = YES;
				CODE_SIGN_IDENTITY = "";
				CODE_SIGN_STYLE = Manual;
				DEVELOPMENT_TEAM = "";
				INFOPLIST_FILE = EasyIterisUITests/Info.plist;
				LD_RUNPATH_SEARCH_PATHS = (
					"$(inherited)",
					"@executable_path/Frameworks",
					"@loader_path/Frameworks",
				);
				OTHER_CODE_SIGN_FLAGS = "";
				PRODUCT_BUNDLE_IDENTIFIER = br.com.iteris.EasyIterisUITests;
				PRODUCT_NAME = "$(TARGET_NAME)";
				PROVISIONING_PROFILE_SPECIFIER = "";
				SWIFT_VERSION = 4.2;
				TARGETED_DEVICE_FAMILY = "1,2";
				TEST_TARGET_NAME = EasyIteris;
			};
			name = Debug;
		};
		204F38CB233509A900A6223B /* Release */ = {
			isa = XCBuildConfiguration;
			baseConfigurationReference = 5CAFC937ED6BEF063EE55A8B /* Pods-EasyIteris-EasyIterisUITests.release.xcconfig */;
			buildSettings = {
				ALWAYS_EMBED_SWIFT_STANDARD_LIBRARIES = YES;
				CODE_SIGN_IDENTITY = "";
				CODE_SIGN_STYLE = Manual;
				DEVELOPMENT_TEAM = "";
				INFOPLIST_FILE = EasyIterisUITests/Info.plist;
				LD_RUNPATH_SEARCH_PATHS = (
					"$(inherited)",
					"@executable_path/Frameworks",
					"@loader_path/Frameworks",
				);
				OTHER_CODE_SIGN_FLAGS = "";
				PRODUCT_BUNDLE_IDENTIFIER = br.com.iteris.EasyIterisUITests;
				PRODUCT_NAME = "$(TARGET_NAME)";
				PROVISIONING_PROFILE_SPECIFIER = "";
				SWIFT_VERSION = 4.2;
				TARGETED_DEVICE_FAMILY = "1,2";
				TEST_TARGET_NAME = EasyIteris;
			};
			name = Release;
		};
		20676C4D233D18EF002C4235 /* Debug-UITests */ = {
			isa = XCBuildConfiguration;
			buildSettings = {
				ALWAYS_SEARCH_USER_PATHS = NO;
				CLANG_ANALYZER_NONNULL = YES;
				CLANG_ANALYZER_NUMBER_OBJECT_CONVERSION = YES_AGGRESSIVE;
				CLANG_CXX_LANGUAGE_STANDARD = "gnu++14";
				CLANG_CXX_LIBRARY = "libc++";
				CLANG_ENABLE_MODULES = YES;
				CLANG_ENABLE_OBJC_ARC = YES;
				CLANG_ENABLE_OBJC_WEAK = YES;
				CLANG_WARN_BLOCK_CAPTURE_AUTORELEASING = YES;
				CLANG_WARN_BOOL_CONVERSION = YES;
				CLANG_WARN_COMMA = YES;
				CLANG_WARN_CONSTANT_CONVERSION = YES;
				CLANG_WARN_DEPRECATED_OBJC_IMPLEMENTATIONS = YES;
				CLANG_WARN_DIRECT_OBJC_ISA_USAGE = YES_ERROR;
				CLANG_WARN_DOCUMENTATION_COMMENTS = YES;
				CLANG_WARN_EMPTY_BODY = YES;
				CLANG_WARN_ENUM_CONVERSION = YES;
				CLANG_WARN_INFINITE_RECURSION = YES;
				CLANG_WARN_INT_CONVERSION = YES;
				CLANG_WARN_NON_LITERAL_NULL_CONVERSION = YES;
				CLANG_WARN_OBJC_IMPLICIT_RETAIN_SELF = YES;
				CLANG_WARN_OBJC_LITERAL_CONVERSION = YES;
				CLANG_WARN_OBJC_ROOT_CLASS = YES_ERROR;
				CLANG_WARN_RANGE_LOOP_ANALYSIS = YES;
				CLANG_WARN_STRICT_PROTOTYPES = YES;
				CLANG_WARN_SUSPICIOUS_MOVE = YES;
				CLANG_WARN_UNGUARDED_AVAILABILITY = YES_AGGRESSIVE;
				CLANG_WARN_UNREACHABLE_CODE = YES;
				CLANG_WARN__DUPLICATE_METHOD_MATCH = YES;
				CODE_SIGN_IDENTITY = "iPhone Developer";
				COPY_PHASE_STRIP = NO;
				DEBUG_INFORMATION_FORMAT = dwarf;
				ENABLE_STRICT_OBJC_MSGSEND = YES;
				ENABLE_TESTABILITY = YES;
				GCC_C_LANGUAGE_STANDARD = gnu11;
				GCC_DYNAMIC_NO_PIC = NO;
				GCC_NO_COMMON_BLOCKS = YES;
				GCC_OPTIMIZATION_LEVEL = 0;
				GCC_PREPROCESSOR_DEFINITIONS = (
					"DEBUG=1",
					"$(inherited)",
				);
				GCC_WARN_64_TO_32_BIT_CONVERSION = YES;
				GCC_WARN_ABOUT_RETURN_TYPE = YES_ERROR;
				GCC_WARN_UNDECLARED_SELECTOR = YES;
				GCC_WARN_UNINITIALIZED_AUTOS = YES_AGGRESSIVE;
				GCC_WARN_UNUSED_FUNCTION = YES;
				GCC_WARN_UNUSED_VARIABLE = YES;
				IPHONEOS_DEPLOYMENT_TARGET = 12.0;
				MTL_ENABLE_DEBUG_INFO = INCLUDE_SOURCE;
				MTL_FAST_MATH = YES;
				ONLY_ACTIVE_ARCH = YES;
				SDKROOT = iphoneos;
				SWIFT_ACTIVE_COMPILATION_CONDITIONS = DEBUG;
				SWIFT_OPTIMIZATION_LEVEL = "-Onone";
			};
			name = "Debug-UITests";
		};
		20676C4E233D18EF002C4235 /* Debug-UITests */ = {
			isa = XCBuildConfiguration;
			baseConfigurationReference = AE65122C0504AE8FA1C75C5E /* Pods-EasyIteris.debug-uitests.xcconfig */;
			buildSettings = {
				ASSETCATALOG_COMPILER_APPICON_NAME = AppIcon;
				BASE_URL = "http://localhost:8080";
				CODE_SIGN_STYLE = Automatic;
				DEVELOPMENT_TEAM = 5429XEL3R5;
				INFOPLIST_FILE = EasyIteris/Info.plist;
				IPHONEOS_DEPLOYMENT_TARGET = 11.0;
				LD_RUNPATH_SEARCH_PATHS = (
					"$(inherited)",
					"@executable_path/Frameworks",
				);
				PRODUCT_BUNDLE_IDENTIFIER = br.com.iteris.EasyIteris;
				PRODUCT_NAME = "$(TARGET_NAME)";
				SWIFT_VERSION = 4.2;
				TARGETED_DEVICE_FAMILY = 1;
			};
			name = "Debug-UITests";
		};
		20676C4F233D18EF002C4235 /* Debug-UITests */ = {
			isa = XCBuildConfiguration;
			baseConfigurationReference = 65AAF051C20E4786CC41C55F /* Pods-EasyIterisTests.debug-uitests.xcconfig */;
			buildSettings = {
				ALWAYS_EMBED_SWIFT_STANDARD_LIBRARIES = YES;
				BUNDLE_LOADER = "$(TEST_HOST)";
				CODE_SIGN_STYLE = Automatic;
				INFOPLIST_FILE = EasyIterisTests/Info.plist;
				LD_RUNPATH_SEARCH_PATHS = (
					"$(inherited)",
					"@executable_path/Frameworks",
					"@loader_path/Frameworks",
				);
				PRODUCT_BUNDLE_IDENTIFIER = br.com.iteris.EasyIterisTests;
				PRODUCT_NAME = "$(TARGET_NAME)";
				SWIFT_VERSION = 4.2;
				TARGETED_DEVICE_FAMILY = "1,2";
				TEST_HOST = "$(BUILT_PRODUCTS_DIR)/EasyIteris.app/EasyIteris";
			};
			name = "Debug-UITests";
		};
		20676C50233D18EF002C4235 /* Debug-UITests */ = {
			isa = XCBuildConfiguration;
			baseConfigurationReference = EC5D087550246BAC51FE4A97 /* Pods-EasyIteris-EasyIterisUITests.debug-uitests.xcconfig */;
			buildSettings = {
				ALWAYS_EMBED_SWIFT_STANDARD_LIBRARIES = YES;
				CODE_SIGN_IDENTITY = "";
				CODE_SIGN_STYLE = Manual;
				DEVELOPMENT_TEAM = "";
				INFOPLIST_FILE = EasyIterisUITests/Info.plist;
				LD_RUNPATH_SEARCH_PATHS = (
					"$(inherited)",
					"@executable_path/Frameworks",
					"@loader_path/Frameworks",
				);
				OTHER_CODE_SIGN_FLAGS = "";
				PRODUCT_BUNDLE_IDENTIFIER = br.com.iteris.EasyIterisUITests;
				PRODUCT_NAME = "$(TARGET_NAME)";
				PROVISIONING_PROFILE_SPECIFIER = "";
				SWIFT_VERSION = 4.2;
				TARGETED_DEVICE_FAMILY = "1,2";
				TEST_TARGET_NAME = EasyIteris;
			};
			name = "Debug-UITests";
		};
		20676C51233D1907002C4235 /* Release-UITests */ = {
			isa = XCBuildConfiguration;
			buildSettings = {
				ALWAYS_SEARCH_USER_PATHS = NO;
				CLANG_ANALYZER_NONNULL = YES;
				CLANG_ANALYZER_NUMBER_OBJECT_CONVERSION = YES_AGGRESSIVE;
				CLANG_CXX_LANGUAGE_STANDARD = "gnu++14";
				CLANG_CXX_LIBRARY = "libc++";
				CLANG_ENABLE_MODULES = YES;
				CLANG_ENABLE_OBJC_ARC = YES;
				CLANG_ENABLE_OBJC_WEAK = YES;
				CLANG_WARN_BLOCK_CAPTURE_AUTORELEASING = YES;
				CLANG_WARN_BOOL_CONVERSION = YES;
				CLANG_WARN_COMMA = YES;
				CLANG_WARN_CONSTANT_CONVERSION = YES;
				CLANG_WARN_DEPRECATED_OBJC_IMPLEMENTATIONS = YES;
				CLANG_WARN_DIRECT_OBJC_ISA_USAGE = YES_ERROR;
				CLANG_WARN_DOCUMENTATION_COMMENTS = YES;
				CLANG_WARN_EMPTY_BODY = YES;
				CLANG_WARN_ENUM_CONVERSION = YES;
				CLANG_WARN_INFINITE_RECURSION = YES;
				CLANG_WARN_INT_CONVERSION = YES;
				CLANG_WARN_NON_LITERAL_NULL_CONVERSION = YES;
				CLANG_WARN_OBJC_IMPLICIT_RETAIN_SELF = YES;
				CLANG_WARN_OBJC_LITERAL_CONVERSION = YES;
				CLANG_WARN_OBJC_ROOT_CLASS = YES_ERROR;
				CLANG_WARN_RANGE_LOOP_ANALYSIS = YES;
				CLANG_WARN_STRICT_PROTOTYPES = YES;
				CLANG_WARN_SUSPICIOUS_MOVE = YES;
				CLANG_WARN_UNGUARDED_AVAILABILITY = YES_AGGRESSIVE;
				CLANG_WARN_UNREACHABLE_CODE = YES;
				CLANG_WARN__DUPLICATE_METHOD_MATCH = YES;
				CODE_SIGN_IDENTITY = "iPhone Developer";
				COPY_PHASE_STRIP = NO;
				DEBUG_INFORMATION_FORMAT = "dwarf-with-dsym";
				ENABLE_NS_ASSERTIONS = NO;
				ENABLE_STRICT_OBJC_MSGSEND = YES;
				GCC_C_LANGUAGE_STANDARD = gnu11;
				GCC_NO_COMMON_BLOCKS = YES;
				GCC_WARN_64_TO_32_BIT_CONVERSION = YES;
				GCC_WARN_ABOUT_RETURN_TYPE = YES_ERROR;
				GCC_WARN_UNDECLARED_SELECTOR = YES;
				GCC_WARN_UNINITIALIZED_AUTOS = YES_AGGRESSIVE;
				GCC_WARN_UNUSED_FUNCTION = YES;
				GCC_WARN_UNUSED_VARIABLE = YES;
				IPHONEOS_DEPLOYMENT_TARGET = 12.0;
				MTL_ENABLE_DEBUG_INFO = NO;
				MTL_FAST_MATH = YES;
				SDKROOT = iphoneos;
				SWIFT_COMPILATION_MODE = wholemodule;
				SWIFT_OPTIMIZATION_LEVEL = "-O";
				VALIDATE_PRODUCT = YES;
			};
			name = "Release-UITests";
		};
		20676C52233D1907002C4235 /* Release-UITests */ = {
			isa = XCBuildConfiguration;
			baseConfigurationReference = A99DD937E6445FD7B6944BC4 /* Pods-EasyIteris.release-uitests.xcconfig */;
			buildSettings = {
				ASSETCATALOG_COMPILER_APPICON_NAME = AppIcon;
				BASE_URL = "https://api-simulator-calc.easynvest.com.br";
				CODE_SIGN_STYLE = Automatic;
				DEVELOPMENT_TEAM = 5429XEL3R5;
				INFOPLIST_FILE = EasyIteris/Info.plist;
				IPHONEOS_DEPLOYMENT_TARGET = 11.0;
				LD_RUNPATH_SEARCH_PATHS = (
					"$(inherited)",
					"@executable_path/Frameworks",
				);
				PRODUCT_BUNDLE_IDENTIFIER = br.com.iteris.EasyIteris;
				PRODUCT_NAME = "$(TARGET_NAME)";
				SWIFT_VERSION = 4.2;
				TARGETED_DEVICE_FAMILY = 1;
			};
			name = "Release-UITests";
		};
		20676C53233D1907002C4235 /* Release-UITests */ = {
			isa = XCBuildConfiguration;
			baseConfigurationReference = 6162D435E19A122FB847C401 /* Pods-EasyIterisTests.release-uitests.xcconfig */;
			buildSettings = {
				ALWAYS_EMBED_SWIFT_STANDARD_LIBRARIES = YES;
				BUNDLE_LOADER = "$(TEST_HOST)";
				CODE_SIGN_STYLE = Automatic;
				INFOPLIST_FILE = EasyIterisTests/Info.plist;
				LD_RUNPATH_SEARCH_PATHS = (
					"$(inherited)",
					"@executable_path/Frameworks",
					"@loader_path/Frameworks",
				);
				PRODUCT_BUNDLE_IDENTIFIER = br.com.iteris.EasyIterisTests;
				PRODUCT_NAME = "$(TARGET_NAME)";
				SWIFT_VERSION = 4.2;
				TARGETED_DEVICE_FAMILY = "1,2";
				TEST_HOST = "$(BUILT_PRODUCTS_DIR)/EasyIteris.app/EasyIteris";
			};
			name = "Release-UITests";
		};
		20676C54233D1907002C4235 /* Release-UITests */ = {
			isa = XCBuildConfiguration;
			baseConfigurationReference = 6994B7A676D3777B46CCA8FF /* Pods-EasyIteris-EasyIterisUITests.release-uitests.xcconfig */;
			buildSettings = {
				ALWAYS_EMBED_SWIFT_STANDARD_LIBRARIES = YES;
				CODE_SIGN_IDENTITY = "";
				CODE_SIGN_STYLE = Manual;
				DEVELOPMENT_TEAM = "";
				INFOPLIST_FILE = EasyIterisUITests/Info.plist;
				LD_RUNPATH_SEARCH_PATHS = (
					"$(inherited)",
					"@executable_path/Frameworks",
					"@loader_path/Frameworks",
				);
				OTHER_CODE_SIGN_FLAGS = "";
				PRODUCT_BUNDLE_IDENTIFIER = br.com.iteris.EasyIterisUITests;
				PRODUCT_NAME = "$(TARGET_NAME)";
				PROVISIONING_PROFILE_SPECIFIER = "";
				SWIFT_VERSION = 4.2;
				TARGETED_DEVICE_FAMILY = "1,2";
				TEST_TARGET_NAME = EasyIteris;
			};
			name = "Release-UITests";
		};
/* End XCBuildConfiguration section */

/* Begin XCConfigurationList section */
		204F3896233509A600A6223B /* Build configuration list for PBXProject "EasyIteris" */ = {
			isa = XCConfigurationList;
			buildConfigurations = (
				204F38C1233509A900A6223B /* Debug */,
				20676C4D233D18EF002C4235 /* Debug-UITests */,
				204F38C2233509A900A6223B /* Release */,
				20676C51233D1907002C4235 /* Release-UITests */,
			);
			defaultConfigurationIsVisible = 0;
			defaultConfigurationName = Release;
		};
		204F38C3233509A900A6223B /* Build configuration list for PBXNativeTarget "EasyIteris" */ = {
			isa = XCConfigurationList;
			buildConfigurations = (
				204F38C4233509A900A6223B /* Debug */,
				20676C4E233D18EF002C4235 /* Debug-UITests */,
				204F38C5233509A900A6223B /* Release */,
				20676C52233D1907002C4235 /* Release-UITests */,
			);
			defaultConfigurationIsVisible = 0;
			defaultConfigurationName = Release;
		};
		204F38C6233509A900A6223B /* Build configuration list for PBXNativeTarget "EasyIterisTests" */ = {
			isa = XCConfigurationList;
			buildConfigurations = (
				204F38C7233509A900A6223B /* Debug */,
				20676C4F233D18EF002C4235 /* Debug-UITests */,
				204F38C8233509A900A6223B /* Release */,
				20676C53233D1907002C4235 /* Release-UITests */,
			);
			defaultConfigurationIsVisible = 0;
			defaultConfigurationName = Release;
		};
		204F38C9233509A900A6223B /* Build configuration list for PBXNativeTarget "EasyIterisUITests" */ = {
			isa = XCConfigurationList;
			buildConfigurations = (
				204F38CA233509A900A6223B /* Debug */,
				20676C50233D18EF002C4235 /* Debug-UITests */,
				204F38CB233509A900A6223B /* Release */,
				20676C54233D1907002C4235 /* Release-UITests */,
			);
			defaultConfigurationIsVisible = 0;
			defaultConfigurationName = Release;
		};
/* End XCConfigurationList section */
	};
	rootObject = 204F3893233509A600A6223B /* Project object */;
}
